{
  "version": "3",
  "packages": {
    "specifiers": {
      "npm:@fastify/busboy@^3.0.0": "npm:@fastify/busboy@3.0.0",
      "npm:@types/busboy@^1.5.4": "npm:@types/busboy@1.5.4",
      "npm:@types/node@^20.14.10": "npm:@types/node@20.14.13",
      "npm:busboy@^1.6.0": "npm:busboy@1.6.0",
      "npm:fetch-super-headers@^0.4.1": "npm:fetch-super-headers@0.4.1",
      "npm:prettier@^3.3.3": "npm:prettier@3.3.3",
      "npm:tsimp@^2.0.11": "npm:tsimp@2.0.11_typescript@5.5.4",
      "npm:typescript@^5.5.3": "npm:typescript@5.5.4"
    },
    "npm": {
      "@fastify/busboy@3.0.0": {
        "integrity": "sha512-83rnH2nCvclWaPQQKvkJ2pdOjG4TZyEVuFDnlOF6KP08lDaaceVyw/W63mDuafQT+MKHCvXIPpE5uYWeM0rT4w==",
        "dependencies": {}
      },
      "@isaacs/cached@1.0.1": {
        "integrity": "sha512-7kGcJ9Hc1f4qpTApWz3swxbF9Qv1NF/GxuPtXeTptbsgvJIoufSd0h854Nq/2bw80F5C1onsFgEI05l+q0e4vw==",
        "dependencies": {
          "@isaacs/catcher": "@isaacs/catcher@1.0.4"
        }
      },
      "@isaacs/catcher@1.0.4": {
        "integrity": "sha512-g2klMwbnguClWNnCeQ1zYaDJsvPbIbnjdJPDE0z09MqoejJDZSLK5vIKiClq2Bkg5ubuI8vaN6wfIUi5GYzMVA==",
        "dependencies": {}
      },
      "@isaacs/cliui@8.0.2": {
        "integrity": "sha512-O8jcjabXaleOG9DQ0+ARXWZBTfnP4WNAqzuiJK7ll44AmxGKv/J2M4TPjxjY3znBCfvBXFzucm1twdyFybFqEA==",
        "dependencies": {
          "string-width": "string-width@5.1.2",
          "string-width-cjs": "string-width@4.2.3",
          "strip-ansi": "strip-ansi@7.1.0",
          "strip-ansi-cjs": "strip-ansi@6.0.1",
          "wrap-ansi": "wrap-ansi@8.1.0",
          "wrap-ansi-cjs": "wrap-ansi@7.0.0"
        }
      },
      "@pkgjs/parseargs@0.11.0": {
        "integrity": "sha512-+1VkjdD0QBLPodGrJUeqarH8VAIvQODIbwh9XpP5Syisf7YoQgsJKPNFoqqLQlu+VQ/tVSshMR6loPMn8U+dPg==",
        "dependencies": {}
      },
      "@types/busboy@1.5.4": {
        "integrity": "sha512-kG7WrUuAKK0NoyxfQHsVE6j1m01s6kMma64E+OZenQABMQyTJop1DumUWcLwAQ2JzpefU7PDYoRDKl8uZosFjw==",
        "dependencies": {
          "@types/node": "@types/node@18.16.19"
        }
      },
      "@types/node@18.16.19": {
        "integrity": "sha512-IXl7o+R9iti9eBW4Wg2hx1xQDig183jj7YLn8F7udNceyfkbn1ZxmzZXuak20gR40D7pIkIY1kYGx5VIGbaHKA==",
        "dependencies": {}
      },
      "@types/node@20.14.13": {
        "integrity": "sha512-+bHoGiZb8UiQ0+WEtmph2IWQCjIqg8MDZMAV+ppRRhUZnquF5mQkP/9vpSwJClEiSM/C7fZZExPzfU0vJTyp8w==",
        "dependencies": {
          "undici-types": "undici-types@5.26.5"
        }
      },
      "ansi-regex@5.0.1": {
        "integrity": "sha512-quJQXlTSUGL2LH9SUXo8VwsY4soanhgo6LNSm84E1LBcE8s3O0wpdiRzyR9z/ZZJMlMWv37qOOb9pdJlMUEKFQ==",
        "dependencies": {}
      },
      "ansi-regex@6.0.1": {
        "integrity": "sha512-n5M855fKb2SsfMIiFFoVrABHJC8QtHwVx+mHWP3QcEqBHYienj5dHSgjbxtC0WEZXYt4wcD6zrQElDPhFuZgfA==",
        "dependencies": {}
      },
      "ansi-styles@4.3.0": {
        "integrity": "sha512-zbB9rCJAT1rbjiVDb2hqKFHNYLxgtk8NURxZ3IZwD3F6NtxbXZQCnnSi1Lkx+IDohdPlFp222wVALIheZJQSEg==",
        "dependencies": {
          "color-convert": "color-convert@2.0.1"
        }
      },
      "ansi-styles@6.2.1": {
        "integrity": "sha512-bN798gFfQX+viw3R7yrGWRqnrN2oRkEkUjjl4JNn4E8GxxbjtG3FbrEIIY3l8/hrwUwIeCZvi4QuOTP4MErVug==",
        "dependencies": {}
      },
      "balanced-match@1.0.2": {
        "integrity": "sha512-3oSeUO0TMV67hN1AmbXsK4yaqU7tjiHlbxRDZOpH0KW9+CeX4bRAaX0Anxt0tx2MrpRpWwQaPwIlISEJhYU5Pw==",
        "dependencies": {}
      },
      "brace-expansion@2.0.1": {
        "integrity": "sha512-XnAIvQ8eM+kC6aULx6wuQiwVsnzsi9d3WxzV3FpWTGA19F621kwdbsAcFKXgKUHZWsy+mY6iL1sHTxWEFCytDA==",
        "dependencies": {
          "balanced-match": "balanced-match@1.0.2"
        }
      },
      "busboy@1.6.0": {
        "integrity": "sha512-8SFQbg/0hQ9xy3UNTB0YEnsNBbWfhf7RtnzpL7TkBiTBRfrQ9Fxcnz7VJsleJpyp6rVLvXiuORqjlHi5q+PYuA==",
        "dependencies": {
          "streamsearch": "streamsearch@1.1.0"
        }
      },
      "color-convert@2.0.1": {
        "integrity": "sha512-RRECPsj7iu/xb5oKYcsFHSppFNnsj/52OVTRKb4zP5onXwVF3zVmmToNcOfGC+CRDpfK/U584fMg38ZHCaElKQ==",
        "dependencies": {
          "color-name": "color-name@1.1.4"
        }
      },
      "color-name@1.1.4": {
        "integrity": "sha512-dOy+3AuW3a2wNbZHIuMZpTcgjGuLU/uBL/ubcZF9OXbDo8ff4O8yVp5Bf0efS8uEoYo5q4Fx7dY9OgQGXgAsQA==",
        "dependencies": {}
      },
      "cross-spawn@7.0.3": {
        "integrity": "sha512-iRDPJKUPVEND7dHPO8rkbOnPpyDygcDFtWjpeWNCgy8WP2rXcxXL8TskReQl6OrB2G7+UJrags1q15Fudc7G6w==",
        "dependencies": {
          "path-key": "path-key@3.1.1",
          "shebang-command": "shebang-command@2.0.0",
          "which": "which@2.0.2"
        }
      },
      "eastasianwidth@0.2.0": {
        "integrity": "sha512-I88TYZWc9XiYHRQ4/3c5rjjfgkjhLyW2luGIheGERbNQ6OY7yTybanSpDXZa8y7VUP9YmDcYa+eyq4ca7iLqWA==",
        "dependencies": {}
      },
      "emoji-regex@8.0.0": {
        "integrity": "sha512-MSjYzcWNOA0ewAHpz0MxpYFvwg6yjy1NG3xteoqz644VCo/RPgnr1/GGt+ic3iJTzQ8Eu3TdM14SawnVUmGE6A==",
        "dependencies": {}
      },
      "emoji-regex@9.2.2": {
        "integrity": "sha512-L18DaJsXSUk2+42pv8mLs5jJT2hqFkFE4j21wOmgbUqsZ2hL72NsUU785g9RXgo3s0ZNgVl42TiHp3ZtOv/Vyg==",
        "dependencies": {}
      },
      "fetch-super-headers@0.4.1": {
        "integrity": "sha512-jXB/p3m6iMeDFhHpJ56BgqrvoDIiyueNPF39twy2N63DMcme0imKhGoEZH8AAbnplnggU9OdUs9eFFPZxPULFA==",
        "dependencies": {}
      },
      "foreground-child@3.2.1": {
        "integrity": "sha512-PXUUyLqrR2XCWICfv6ukppP96sdFwWbNEnfEMt7jNsISjMsvaLNinAHNDYyvkyU+SZG2BTSbT5NjG+vZslfGTA==",
        "dependencies": {
          "cross-spawn": "cross-spawn@7.0.3",
          "signal-exit": "signal-exit@4.1.0"
        }
      },
      "glob@10.4.5": {
        "integrity": "sha512-7Bv8RF0k6xjo7d4A/PxYLbUCfb6c+Vpd2/mB2yRDlew7Jb5hEXiCD9ibfO7wpk8i4sevK6DFny9h7EYbM3/sHg==",
        "dependencies": {
          "foreground-child": "foreground-child@3.2.1",
          "jackspeak": "jackspeak@3.4.3",
          "minimatch": "minimatch@9.0.5",
          "minipass": "minipass@7.1.2",
          "package-json-from-dist": "package-json-from-dist@1.0.0",
          "path-scurry": "path-scurry@1.11.1"
        }
      },
      "is-fullwidth-code-point@3.0.0": {
        "integrity": "sha512-zymm5+u+sCsSWyD9qNaejV3DFvhCKclKdizYaJUuHA83RLjb7nSuGnddCHGv0hk+KY7BMAlsWeK4Ueg6EV6XQg==",
        "dependencies": {}
      },
      "isexe@2.0.0": {
        "integrity": "sha512-RHxMLp9lnKHGHRng9QFhRCMbYAcVpn69smSGcq3f36xjgVVWThj4qqLbTLlq7Ssj8B+fIQ1EuCEGI2lKsyQeIw==",
        "dependencies": {}
      },
      "jackspeak@3.4.3": {
        "integrity": "sha512-OGlZQpz2yfahA/Rd1Y8Cd9SIEsqvXkLVoSw/cgwhnhFMDbsQFeZYoJJ7bIZBS9BcamUW96asq/npPWugM+RQBw==",
        "dependencies": {
          "@isaacs/cliui": "@isaacs/cliui@8.0.2",
          "@pkgjs/parseargs": "@pkgjs/parseargs@0.11.0"
        }
      },
      "lru-cache@10.4.3": {
        "integrity": "sha512-JNAzZcXrCt42VGLuYz0zfAzDfAvJWW6AfYlDBQyDV5DClI2m5sAmK+OIO7s59XfsRsWHp02jAJrRadPRGTt6SQ==",
        "dependencies": {}
      },
      "minimatch@9.0.5": {
        "integrity": "sha512-G6T0ZX48xgozx7587koeX9Ys2NYy6Gmv//P89sEte9V9whIapMNF4idKxnW2QtCcLiTWlb/wfCabAtAFWhhBow==",
        "dependencies": {
          "brace-expansion": "brace-expansion@2.0.1"
        }
      },
      "minipass@7.1.2": {
        "integrity": "sha512-qOOzS1cBTWYF4BH8fVePDBOO9iptMnGUEZwNc/cMWnTV2nVLZ7VoNWEPHkYczZA0pdoA7dl6e7FL659nX9S2aw==",
        "dependencies": {}
      },
      "mkdirp@3.0.1": {
        "integrity": "sha512-+NsyUUAZDmo6YVHzL/stxSu3t9YS1iljliy3BSDrXJ/dkn1KYdmtZODGGjLcc9XLgVVpH4KshHB8XmZgMhaBXg==",
        "dependencies": {}
      },
      "package-json-from-dist@1.0.0": {
        "integrity": "sha512-dATvCeZN/8wQsGywez1mzHtTlP22H8OEfPrVMLNr4/eGa+ijtLn/6M5f0dY8UKNrC2O9UCU6SSoG3qRKnt7STw==",
        "dependencies": {}
      },
      "path-key@3.1.1": {
        "integrity": "sha512-ojmeN0qd+y0jszEtoY48r0Peq5dwMEkIlCOu6Q5f41lfkswXuKtYrhgoTpLnyIcHm24Uhqx+5Tqm2InSwLhE6Q==",
        "dependencies": {}
      },
      "path-scurry@1.11.1": {
        "integrity": "sha512-Xa4Nw17FS9ApQFJ9umLiJS4orGjm7ZzwUrwamcGQuHSzDyth9boKDaycYdDcZDuqYATXw4HFXgaqWTctW/v1HA==",
        "dependencies": {
          "lru-cache": "lru-cache@10.4.3",
          "minipass": "minipass@7.1.2"
        }
      },
      "pirates@4.0.6": {
        "integrity": "sha512-saLsH7WeYYPiD25LDuLRRY/i+6HaPYr6G1OUlN39otzkSTxKnubR9RTxS3/Kk50s1g2JTgFwWQDQyplC5/SHZg==",
        "dependencies": {}
      },
      "prettier@3.3.3": {
        "integrity": "sha512-i2tDNA0O5IrMO757lfrdQZCc2jPNDVntV0m/+4whiDfWaTKfMNgR7Qz0NAeGz/nRqF4m5/6CLzbP4/liHt12Ew==",
        "dependencies": {}
      },
      "rimraf@5.0.10": {
        "integrity": "sha512-l0OE8wL34P4nJH/H2ffoaniAokM2qSmrtXHmlpvYr5AVVX8msAyW0l8NVJFDxlSK4u3Uh/f41cQheDVdnYijwQ==",
        "dependencies": {
          "glob": "glob@10.4.5"
        }
      },
      "shebang-command@2.0.0": {
        "integrity": "sha512-kHxr2zZpYtdmrN1qDjrrX/Z1rR1kG8Dx+gkpK1G4eXmvXswmcE1hTWBWYUzlraYw1/yZp6YuDY77YtvbN0dmDA==",
        "dependencies": {
          "shebang-regex": "shebang-regex@3.0.0"
        }
      },
      "shebang-regex@3.0.0": {
        "integrity": "sha512-7++dFhtcx3353uBaq8DDR4NuxBetBzC7ZQOhmTQInHEd6bSrXdiEyzCvG07Z44UYdLShWUyXt5M/yhz8ekcb1A==",
        "dependencies": {}
      },
      "signal-exit@4.1.0": {
        "integrity": "sha512-bzyZ1e88w9O1iNJbKnOlvYTrWPDl46O1bG0D3XInv+9tkPrxrN8jUUTiFlDkkmKWgn1M6CfIA13SuGqOa9Korw==",
        "dependencies": {}
      },
      "sock-daemon@1.4.2": {
        "integrity": "sha512-IzbegWshWWR+UzQ7487mbdYNmfJ1jXUXQBUHooqtpylO+aW0vMVbFN2d2ug3CSPZ0wbG7ZTTGwpUuthIDFIOGg==",
        "dependencies": {
          "rimraf": "rimraf@5.0.10",
          "signal-exit": "signal-exit@4.1.0",
          "socket-post-message": "socket-post-message@1.0.3"
        }
      },
      "socket-post-message@1.0.3": {
        "integrity": "sha512-UhJaB3xR2oF+HvddFOq2cBZi4zVKOHvdiBo+BaScNxsEUg3TLWSP8BkweKfe07kfH1thjn1hJR0af/w1EtBFjg==",
        "dependencies": {}
      },
      "streamsearch@1.1.0": {
        "integrity": "sha512-Mcc5wHehp9aXz1ax6bZUyY5afg9u2rv5cqQI3mRrYkGC8rW2hM02jWuwjtL++LS5qinSyhj2QfLyNsuc+VsExg==",
        "dependencies": {}
      },
      "string-width@4.2.3": {
        "integrity": "sha512-wKyQRQpjJ0sIp62ErSZdGsjMJWsap5oRNihHhu6G7JVO/9jIB6UyevL+tXuOqrng8j/cxKTWyWUwvSTriiZz/g==",
        "dependencies": {
          "emoji-regex": "emoji-regex@8.0.0",
          "is-fullwidth-code-point": "is-fullwidth-code-point@3.0.0",
          "strip-ansi": "strip-ansi@6.0.1"
        }
      },
      "string-width@5.1.2": {
        "integrity": "sha512-HnLOCR3vjcY8beoNLtcjZ5/nxn2afmME6lhrDrebokqMap+XbeW8n9TXpPDOqdGK5qcI3oT0GKTW6wC7EMiVqA==",
        "dependencies": {
          "eastasianwidth": "eastasianwidth@0.2.0",
          "emoji-regex": "emoji-regex@9.2.2",
          "strip-ansi": "strip-ansi@7.1.0"
        }
      },
      "strip-ansi@6.0.1": {
        "integrity": "sha512-Y38VPSHcqkFrCpFnQ9vuSXmquuv5oXOKpGeT6aGrr3o3Gc9AlVa6JBfUSOCnbxGGZF+/0ooI7KrPuUSztUdU5A==",
        "dependencies": {
          "ansi-regex": "ansi-regex@5.0.1"
        }
      },
      "strip-ansi@7.1.0": {
        "integrity": "sha512-iq6eVVI64nQQTRYq2KtEg2d2uU7LElhTJwsH4YzIHZshxlgZms/wIc4VoDQTlG/IvVIrBKG06CrZnp0qv7hkcQ==",
        "dependencies": {
          "ansi-regex": "ansi-regex@6.0.1"
        }
      },
      "tsimp@2.0.11_typescript@5.5.4": {
        "integrity": "sha512-wRhMmvar8tWHN3ZmykD8f4B4sjCn/f8DFM67LRY+stf/LPa2Kq8ATE2PIi570/DiDJA8kjjxzos3EgP0LmnFLA==",
        "dependencies": {
          "@isaacs/cached": "@isaacs/cached@1.0.1",
          "@isaacs/catcher": "@isaacs/catcher@1.0.4",
          "foreground-child": "foreground-child@3.2.1",
          "mkdirp": "mkdirp@3.0.1",
          "pirates": "pirates@4.0.6",
          "rimraf": "rimraf@5.0.10",
          "signal-exit": "signal-exit@4.1.0",
          "sock-daemon": "sock-daemon@1.4.2",
          "typescript": "typescript@5.5.4",
          "walk-up-path": "walk-up-path@3.0.1"
        }
      },
      "typescript@5.5.4": {
        "integrity": "sha512-Mtq29sKDAEYP7aljRgtPOpTvOfbwRWlS6dPRzwjdE+C0R4brX/GUyhHSecbHMFLNBLcJIPt9nl9yG5TZ1weH+Q==",
        "dependencies": {}
      },
      "undici-types@5.26.5": {
        "integrity": "sha512-JlCMO+ehdEIKqlFxk6IfVoAUVmgz7cU7zD/h9XZ0qzeosSHmUJVOzSQvvYSYWXkFXC+IfLKSIffhv0sVZup6pA==",
        "dependencies": {}
      },
      "walk-up-path@3.0.1": {
        "integrity": "sha512-9YlCL/ynK3CTlrSRrDxZvUauLzAswPCrsaCgilqFevUYpeEW0/3ScEjaa3kbW/T0ghhkEr7mv+fpjqn1Y1YuTA==",
        "dependencies": {}
      },
      "which@2.0.2": {
        "integrity": "sha512-BLI3Tl1TW3Pvl70l3yq3Y64i+awpwXqsGBYWkkqMtnbXgrMD+yj7rhW0kuEDxzJaYXGjEW5ogapKNMEKNMjibA==",
        "dependencies": {
          "isexe": "isexe@2.0.0"
        }
      },
      "wrap-ansi@7.0.0": {
        "integrity": "sha512-YVGIj2kamLSTxw6NsZjoBxfSwsn0ycdesmc4p+Q21c5zPuZ1pl+NfxVdxPtdHvmNVOQ6XSYG4AUtyt/Fi7D16Q==",
        "dependencies": {
          "ansi-styles": "ansi-styles@4.3.0",
          "string-width": "string-width@4.2.3",
          "strip-ansi": "strip-ansi@6.0.1"
        }
      },
      "wrap-ansi@8.1.0": {
        "integrity": "sha512-si7QWI6zUMq56bESFvagtmzMdGOtoxfR+Sez11Mobfc7tm+VkUckk9bW2UeffTGVUbOksxmSw0AA2gs8g71NCQ==",
        "dependencies": {
          "ansi-styles": "ansi-styles@6.2.1",
          "string-width": "string-width@5.1.2",
          "strip-ansi": "strip-ansi@7.1.0"
        }
      }
    }
  },
  "remote": {},
  "workspace": {
    "packageJson": {
      "dependencies": [
        "npm:@types/node@^20.14.10",
        "npm:fetch-super-headers@^0.4.1",
        "npm:prettier@^3.3.3",
        "npm:tsimp@^2.0.11",
        "npm:typescript@^5.5.3"
      ]
    },
    "members": {
      "bench": {
        "packageJson": {
          "dependencies": [
            "npm:@fastify/busboy@^3.0.0",
            "npm:@types/busboy@^1.5.4",
            "npm:busboy@^1.6.0"
          ]
        }
      }
    }
  }
}
