lockfileVersion: '9.0'

settings:
  autoInstallPeers: true
  excludeLinksFromLockfile: false

importers:

  .:
    devDependencies:
      '@swc-node/register':
        specifier: ^1.10.9
        version: 1.10.9(@swc/core@1.7.18)(@swc/types@0.1.12)(typescript@5.5.4)
      prettier:
        specifier: ^3.3.3
        version: 3.3.3
      typescript:
        specifier: ^5.5.4
        version: 5.5.4

  packages/file-storage:
    dependencies:
      '@mjackson/lazy-file':
        specifier: ^2.2.0
        version: 2.2.0
    devDependencies:
      '@types/node':
        specifier: ^20.14.10
        version: 20.16.1

  packages/form-data-parser:
    dependencies:
      '@mjackson/multipart-parser':
        specifier: ^0.6.1
        version: 0.6.2
    devDependencies:
      '@types/node':
        specifier: ^22.4.1
        version: 22.5.0

  packages/headers:
    devDependencies:
      '@types/node':
        specifier: ^20.14.10
        version: 20.16.1

  packages/lazy-file:
    dependencies:
      mrmime:
        specifier: ^2.0.0
        version: 2.0.0
    devDependencies:
      '@types/node':
        specifier: ^22.5.0
        version: 22.5.0

  packages/multipart-parser:
    dependencies:
      '@mjackson/headers':
        specifier: ^0.5.0
        version: 0.5.1
    devDependencies:
      '@types/node':
        specifier: ^20.14.10
        version: 20.16.1

  packages/multipart-parser/bench:
    dependencies:
      '@fastify/busboy':
        specifier: ^3.0.0
        version: 3.0.0
      '@mjackson/multipart-parser':
        specifier: workspace:*
        version: link:..
      busboy:
        specifier: ^1.6.0
        version: 1.6.0
      multipasta:
        specifier: ^0.2.4
        version: 0.2.5
    devDependencies:
      '@types/bun':
        specifier: ^1.1.6
        version: 1.1.8
      '@types/busboy':
        specifier: ^1.5.4
        version: 1.5.4

  packages/multipart-parser/examples/bun:
    dependencies:
      '@mjackson/multipart-parser':
        specifier: workspace:*
        version: link:../..
      tmp:
        specifier: ^0.2.3
        version: 0.2.3
    devDependencies:
      '@types/bun':
        specifier: ^1.1.6
        version: 1.1.8
      '@types/tmp':
        specifier: ^0.2.6
        version: 0.2.6

  packages/multipart-parser/examples/cf-workers:
    dependencies:
      '@mjackson/multipart-parser':
        specifier: workspace:*
        version: link:../..
    devDependencies:
      '@cloudflare/workers-types':
        specifier: ^4.20240725.0
        version: 4.20240821.1
      typescript:
        specifier: ^5.5.2
        version: 5.5.4
      wrangler:
        specifier: ^3.60.3
        version: 3.72.3(@cloudflare/workers-types@4.20240821.1)

  packages/multipart-parser/examples/deno:
    dependencies:
      '@mjackson/multipart-parser':
        specifier: workspace:*
        version: link:../..
      tmp:
        specifier: ^0.2.3
        version: 0.2.3
    devDependencies:
      '@types/tmp':
        specifier: ^0.2.6
        version: 0.2.6

  packages/multipart-parser/examples/node:
    dependencies:
      '@mjackson/multipart-parser':
        specifier: workspace:*
        version: link:../..
      tmp:
        specifier: ^0.2.3
        version: 0.2.3
    devDependencies:
      '@types/node':
        specifier: ^20.14.10
        version: 20.16.1
      '@types/tmp':
        specifier: ^0.2.6
        version: 0.2.6

packages:

  '@cloudflare/kv-asset-handler@0.3.4':
    resolution: {integrity: sha512-YLPHc8yASwjNkmcDMQMY35yiWjoKAKnhUbPRszBRS0YgH+IXtsMp61j+yTcnCE3oO2DgP0U3iejLC8FTtKDC8Q==}
    engines: {node: '>=16.13'}

  '@cloudflare/workerd-darwin-64@1.20240821.1':
    resolution: {integrity: sha512-CDBpfZKrSy4YrIdqS84z67r3Tzal2pOhjCsIb63IuCnvVes59/ft1qhczBzk9EffeOE2iTCrA4YBT7Sbn7USew==}
    engines: {node: '>=16'}
    cpu: [x64]
    os: [darwin]

  '@cloudflare/workerd-darwin-arm64@1.20240821.1':
    resolution: {integrity: sha512-Q+9RedvNbPcEt/dKni1oN94OxbvuNAeJkgHmrLFTGF8zu21wzOhVkQeRNxcYxrMa9mfStc457NAg13OVCj2kHQ==}
    engines: {node: '>=16'}
    cpu: [arm64]
    os: [darwin]

  '@cloudflare/workerd-linux-64@1.20240821.1':
    resolution: {integrity: sha512-j6z3KsPtawrscoLuP985LbqFrmsJL6q1mvSXOXTqXGODAHIzGBipHARdOjms3UQqovzvqB2lQaQsZtLBwCZxtA==}
    engines: {node: '>=16'}
    cpu: [x64]
    os: [linux]

  '@cloudflare/workerd-linux-arm64@1.20240821.1':
    resolution: {integrity: sha512-I9bHgZOxJQW0CV5gTdilyxzTG7ILzbTirehQWgfPx9X77E/7eIbR9sboOMgyeC69W4he0SKtpx0sYZuTJu4ERw==}
    engines: {node: '>=16'}
    cpu: [arm64]
    os: [linux]

  '@cloudflare/workerd-windows-64@1.20240821.1':
    resolution: {integrity: sha512-keC97QPArs6LWbPejQM7/Y8Jy8QqyaZow4/ZdsGo+QjlOLiZRDpAenfZx3CBUoWwEeFwQTl2FLO+8hV1SWFFYw==}
    engines: {node: '>=16'}
    cpu: [x64]
    os: [win32]

  '@cloudflare/workers-shared@0.4.0':
    resolution: {integrity: sha512-XAFOldVQsbxQ7mjbqX2q1dNIgcLbKSytk41pwuZTn9e0p7OeTpFTosJef8uwosL6CcOAHqcW1f1HJxyjwmtGxw==}
    engines: {node: '>=16.7.0'}

  '@cloudflare/workers-types@4.20240821.1':
    resolution: {integrity: sha512-icAkbnAqgVl6ef9lgLTom8na+kj2RBw2ViPAQ586hbdj0xZcnrjK7P46Eu08OU9D/lNDgN2sKU/sxhe2iK/gIg==}

  '@cspotcode/source-map-support@0.8.1':
    resolution: {integrity: sha512-IchNf6dN4tHoMFIn/7OE8LWZ19Y6q/67Bmf6vnGREv8RSbBVb9LPJxEcnwrcwX6ixSvaiGoomAUvu4YSxXrVgw==}
    engines: {node: '>=12'}

  '@emnapi/core@1.2.0':
    resolution: {integrity: sha512-E7Vgw78I93we4ZWdYCb4DGAwRROGkMIXk7/y87UmANR+J6qsWusmC3gLt0H+O0KOt5e6O38U8oJamgbudrES/w==}

  '@emnapi/runtime@1.2.0':
    resolution: {integrity: sha512-bV21/9LQmcQeCPEg3BDFtvwL6cwiTMksYNWQQ4KOxCZikEGalWtenoZ0wCiukJINlGCIi2KXx01g4FoH/LxpzQ==}

  '@emnapi/wasi-threads@1.0.1':
    resolution: {integrity: sha512-iIBu7mwkq4UQGeMEM8bLwNK962nXdhodeScX4slfQnRhEMMzvYivHhutCIk8uojvmASXXPC2WNEjwxFWk72Oqw==}

  '@esbuild-plugins/node-globals-polyfill@0.2.3':
    resolution: {integrity: sha512-r3MIryXDeXDOZh7ih1l/yE9ZLORCd5e8vWg02azWRGj5SPTuoh69A2AIyn0Z31V/kHBfZ4HgWJ+OK3GTTwLmnw==}
    peerDependencies:
      esbuild: '*'

  '@esbuild-plugins/node-modules-polyfill@0.2.2':
    resolution: {integrity: sha512-LXV7QsWJxRuMYvKbiznh+U1ilIop3g2TeKRzUxOG5X3YITc8JyyTa90BmLwqqv0YnX4v32CSlG+vsziZp9dMvA==}
    peerDependencies:
      esbuild: '*'

  '@esbuild/android-arm64@0.17.19':
    resolution: {integrity: sha512-KBMWvEZooR7+kzY0BtbTQn0OAYY7CsiydT63pVEaPtVYF0hXbUaOyZog37DKxK7NF3XacBJOpYT4adIJh+avxA==}
    engines: {node: '>=12'}
    cpu: [arm64]
    os: [android]

  '@esbuild/android-arm@0.17.19':
    resolution: {integrity: sha512-rIKddzqhmav7MSmoFCmDIb6e2W57geRsM94gV2l38fzhXMwq7hZoClug9USI2pFRGL06f4IOPHHpFNOkWieR8A==}
    engines: {node: '>=12'}
    cpu: [arm]
    os: [android]

  '@esbuild/android-x64@0.17.19':
    resolution: {integrity: sha512-uUTTc4xGNDT7YSArp/zbtmbhO0uEEK9/ETW29Wk1thYUJBz3IVnvgEiEwEa9IeLyvnpKrWK64Utw2bgUmDveww==}
    engines: {node: '>=12'}
    cpu: [x64]
    os: [android]

  '@esbuild/darwin-arm64@0.17.19':
    resolution: {integrity: sha512-80wEoCfF/hFKM6WE1FyBHc9SfUblloAWx6FJkFWTWiCoht9Mc0ARGEM47e67W9rI09YoUxJL68WHfDRYEAvOhg==}
    engines: {node: '>=12'}
    cpu: [arm64]
    os: [darwin]

  '@esbuild/darwin-x64@0.17.19':
    resolution: {integrity: sha512-IJM4JJsLhRYr9xdtLytPLSH9k/oxR3boaUIYiHkAawtwNOXKE8KoU8tMvryogdcT8AU+Bflmh81Xn6Q0vTZbQw==}
    engines: {node: '>=12'}
    cpu: [x64]
    os: [darwin]

  '@esbuild/freebsd-arm64@0.17.19':
    resolution: {integrity: sha512-pBwbc7DufluUeGdjSU5Si+P3SoMF5DQ/F/UmTSb8HXO80ZEAJmrykPyzo1IfNbAoaqw48YRpv8shwd1NoI0jcQ==}
    engines: {node: '>=12'}
    cpu: [arm64]
    os: [freebsd]

  '@esbuild/freebsd-x64@0.17.19':
    resolution: {integrity: sha512-4lu+n8Wk0XlajEhbEffdy2xy53dpR06SlzvhGByyg36qJw6Kpfk7cp45DR/62aPH9mtJRmIyrXAS5UWBrJT6TQ==}
    engines: {node: '>=12'}
    cpu: [x64]
    os: [freebsd]

  '@esbuild/linux-arm64@0.17.19':
    resolution: {integrity: sha512-ct1Tg3WGwd3P+oZYqic+YZF4snNl2bsnMKRkb3ozHmnM0dGWuxcPTTntAF6bOP0Sp4x0PjSF+4uHQ1xvxfRKqg==}
    engines: {node: '>=12'}
    cpu: [arm64]
    os: [linux]

  '@esbuild/linux-arm@0.17.19':
    resolution: {integrity: sha512-cdmT3KxjlOQ/gZ2cjfrQOtmhG4HJs6hhvm3mWSRDPtZ/lP5oe8FWceS10JaSJC13GBd4eH/haHnqf7hhGNLerA==}
    engines: {node: '>=12'}
    cpu: [arm]
    os: [linux]

  '@esbuild/linux-ia32@0.17.19':
    resolution: {integrity: sha512-w4IRhSy1VbsNxHRQpeGCHEmibqdTUx61Vc38APcsRbuVgK0OPEnQ0YD39Brymn96mOx48Y2laBQGqgZ0j9w6SQ==}
    engines: {node: '>=12'}
    cpu: [ia32]
    os: [linux]

  '@esbuild/linux-loong64@0.17.19':
    resolution: {integrity: sha512-2iAngUbBPMq439a+z//gE+9WBldoMp1s5GWsUSgqHLzLJ9WoZLZhpwWuym0u0u/4XmZ3gpHmzV84PonE+9IIdQ==}
    engines: {node: '>=12'}
    cpu: [loong64]
    os: [linux]

  '@esbuild/linux-mips64el@0.17.19':
    resolution: {integrity: sha512-LKJltc4LVdMKHsrFe4MGNPp0hqDFA1Wpt3jE1gEyM3nKUvOiO//9PheZZHfYRfYl6AwdTH4aTcXSqBerX0ml4A==}
    engines: {node: '>=12'}
    cpu: [mips64el]
    os: [linux]

  '@esbuild/linux-ppc64@0.17.19':
    resolution: {integrity: sha512-/c/DGybs95WXNS8y3Ti/ytqETiW7EU44MEKuCAcpPto3YjQbyK3IQVKfF6nbghD7EcLUGl0NbiL5Rt5DMhn5tg==}
    engines: {node: '>=12'}
    cpu: [ppc64]
    os: [linux]

  '@esbuild/linux-riscv64@0.17.19':
    resolution: {integrity: sha512-FC3nUAWhvFoutlhAkgHf8f5HwFWUL6bYdvLc/TTuxKlvLi3+pPzdZiFKSWz/PF30TB1K19SuCxDTI5KcqASJqA==}
    engines: {node: '>=12'}
    cpu: [riscv64]
    os: [linux]

  '@esbuild/linux-s390x@0.17.19':
    resolution: {integrity: sha512-IbFsFbxMWLuKEbH+7sTkKzL6NJmG2vRyy6K7JJo55w+8xDk7RElYn6xvXtDW8HCfoKBFK69f3pgBJSUSQPr+4Q==}
    engines: {node: '>=12'}
    cpu: [s390x]
    os: [linux]

  '@esbuild/linux-x64@0.17.19':
    resolution: {integrity: sha512-68ngA9lg2H6zkZcyp22tsVt38mlhWde8l3eJLWkyLrp4HwMUr3c1s/M2t7+kHIhvMjglIBrFpncX1SzMckomGw==}
    engines: {node: '>=12'}
    cpu: [x64]
    os: [linux]

  '@esbuild/netbsd-x64@0.17.19':
    resolution: {integrity: sha512-CwFq42rXCR8TYIjIfpXCbRX0rp1jo6cPIUPSaWwzbVI4aOfX96OXY8M6KNmtPcg7QjYeDmN+DD0Wp3LaBOLf4Q==}
    engines: {node: '>=12'}
    cpu: [x64]
    os: [netbsd]

  '@esbuild/openbsd-x64@0.17.19':
    resolution: {integrity: sha512-cnq5brJYrSZ2CF6c35eCmviIN3k3RczmHz8eYaVlNasVqsNY+JKohZU5MKmaOI+KkllCdzOKKdPs762VCPC20g==}
    engines: {node: '>=12'}
    cpu: [x64]
    os: [openbsd]

  '@esbuild/sunos-x64@0.17.19':
    resolution: {integrity: sha512-vCRT7yP3zX+bKWFeP/zdS6SqdWB8OIpaRq/mbXQxTGHnIxspRtigpkUcDMlSCOejlHowLqII7K2JKevwyRP2rg==}
    engines: {node: '>=12'}
    cpu: [x64]
    os: [sunos]

  '@esbuild/win32-arm64@0.17.19':
    resolution: {integrity: sha512-yYx+8jwowUstVdorcMdNlzklLYhPxjniHWFKgRqH7IFlUEa0Umu3KuYplf1HUZZ422e3NU9F4LGb+4O0Kdcaag==}
    engines: {node: '>=12'}
    cpu: [arm64]
    os: [win32]

  '@esbuild/win32-ia32@0.17.19':
    resolution: {integrity: sha512-eggDKanJszUtCdlVs0RB+h35wNlb5v4TWEkq4vZcmVt5u/HiDZrTXe2bWFQUez3RgNHwx/x4sk5++4NSSicKkw==}
    engines: {node: '>=12'}
    cpu: [ia32]
    os: [win32]

  '@esbuild/win32-x64@0.17.19':
    resolution: {integrity: sha512-lAhycmKnVOuRYNtRtatQR1LPQf2oYCkRGkSFnseDAKPl8lu5SOsK/e1sXe5a0Pc5kHIHe6P2I/ilntNv2xf3cA==}
    engines: {node: '>=12'}
    cpu: [x64]
    os: [win32]

  '@fastify/busboy@2.1.1':
    resolution: {integrity: sha512-vBZP4NlzfOlerQTnba4aqZoMhE/a9HY7HRqoOPaETQcSQuWEIyZMHGfVu6w9wGtGK5fED5qRs2DteVCjOH60sA==}
    engines: {node: '>=14'}

  '@fastify/busboy@3.0.0':
    resolution: {integrity: sha512-83rnH2nCvclWaPQQKvkJ2pdOjG4TZyEVuFDnlOF6KP08lDaaceVyw/W63mDuafQT+MKHCvXIPpE5uYWeM0rT4w==}

  '@jridgewell/resolve-uri@3.1.2':
    resolution: {integrity: sha512-bRISgCIjP20/tbWSPWMEi54QVPRZExkuD9lJL+UIxUKtwVJA8wW1Trb1jMs1RFXo1CBTNZ/5hpC9QvmKWdopKw==}
    engines: {node: '>=6.0.0'}

  '@jridgewell/sourcemap-codec@1.5.0':
    resolution: {integrity: sha512-gv3ZRaISU3fjPAgNsriBRqGWQL6quFx04YMPW/zD8XMLsU32mhCCbfbO6KZFLjvYpCZ8zyDEgqsgf+PwPaM7GQ==}

  '@jridgewell/trace-mapping@0.3.9':
    resolution: {integrity: sha512-3Belt6tdc8bPgAtbcmdtNJlirVoTmEb5e2gC94PnkwEW9jI6CAHUeoG85tjWP5WquqfavoMtMwiG4P926ZKKuQ==}

  '@mjackson/headers@0.5.1':
    resolution: {integrity: sha512-sJpFgecPT/zJvwk3GRNVWNs8EkwaJoUNU2D0VMlp+gDJs6cuSTm1q/aCZi3ZtuV6CgDEQ4l2ZjUG3A9JrQlbNA==}

  '@mjackson/lazy-file@2.2.0':
    resolution: {integrity: sha512-51M2TAL5eMZj5mh1e22/qBl4C5udViZqSBEqwiHSi1lTAixCp4YiAOV62VaTSqVp771OkmgNCPsh8/LpJ/A/Yw==}

  '@mjackson/multipart-parser@0.6.2':
    resolution: {integrity: sha512-xG3mINK6gFVposxu83x3n4ueJfjWoxOl3UaBADXNjh/NL84L+Zc/kmz2mTQA9GHvHFPAMlXqPSLTocIDkmhemQ==}

  '@napi-rs/wasm-runtime@0.2.4':
    resolution: {integrity: sha512-9zESzOO5aDByvhIAsOy9TbpZ0Ur2AJbUI7UT73kcUTS2mxAMHOBaa1st/jAymNoCtvrit99kkzT1FZuXVcgfIQ==}

  '@oxc-resolver/binding-darwin-arm64@1.11.0':
    resolution: {integrity: sha512-jjhTgaTMhJ5lpE/OiqF5eX7Nhy5gPZBjZNqwmZstbHmqujfVs1MGiTEXHWgKUrcFdLnENWtuoIR3Kmdp3/vuqw==}
    cpu: [arm64]
    os: [darwin]

  '@oxc-resolver/binding-darwin-x64@1.11.0':
    resolution: {integrity: sha512-w/svTRKnuRinojYAVsWRozVoPar7XUPlJhpfnsYlReRjls6A53/ziTzHfpmcKjdBrP/AXPcDVJDnM4pOSsvWvA==}
    cpu: [x64]
    os: [darwin]

  '@oxc-resolver/binding-freebsd-x64@1.11.0':
    resolution: {integrity: sha512-thGp8g8maYUx7vYJqD0vSsuUO95vWNJwKS2AXchq212J5dQ0Dybq4gjt2O2N9iU+lxj1QzmIDXGw7q5HCagOiw==}
    cpu: [x64]
    os: [freebsd]

  '@oxc-resolver/binding-linux-arm-gnueabihf@1.11.0':
    resolution: {integrity: sha512-8G99bs4cnwpJRjRK2cEJXiJVyLogzPJq4JgLlcMEKSGhdkoMV1Ia0dghLk9lAFog33U4lWIwKmPgqQzTO6JM8g==}
    cpu: [arm]
    os: [linux]

  '@oxc-resolver/binding-linux-arm64-gnu@1.11.0':
    resolution: {integrity: sha512-hNcB/wbuCFbsspg4h9+Nz5gSL8PbRW7zG/eVvmEpzGhmVubzDFuNmlYtmaUaZ6b9jzOrrqTkYCt9t7Q2TDHnBA==}
    cpu: [arm64]
    os: [linux]

  '@oxc-resolver/binding-linux-arm64-musl@1.11.0':
    resolution: {integrity: sha512-H9rjqCcNQT9aip1VLrtsiyj9So0DEKUoutMNu1oL9UuD3H5lWIaxhDlHTAFsobWeUHCnuaCbizhGb9wyLRHSuA==}
    cpu: [arm64]
    os: [linux]

  '@oxc-resolver/binding-linux-x64-gnu@1.11.0':
    resolution: {integrity: sha512-6hdv/kmaGysK3/hUaGTYG07yX+nvk6hGoWombmOuc0vBnGLRtSjqvvgDBdAs9/iIcOSQI2YNUEiJvTyy6eb5GA==}
    cpu: [x64]
    os: [linux]

  '@oxc-resolver/binding-linux-x64-musl@1.11.0':
    resolution: {integrity: sha512-AYUvI4VwQkBq0rcYI3Z7a9+BpllbllbxQCD30ZRgHghvqXvDECWfP8r98iynz7u0oKGO8ZPf15d/l9VrkRtiuQ==}
    cpu: [x64]
    os: [linux]

  '@oxc-resolver/binding-wasm32-wasi@1.11.0':
    resolution: {integrity: sha512-vhXnOs34q8p7QhqQ04bIGy7ZzLEHBaBTsqh2wpAzSBCmjL7MmTpM8KWwXFPFB+Wj0P7/parjGDHzbZG20pEePg==}
    engines: {node: '>=14.0.0'}
    cpu: [wasm32]

  '@oxc-resolver/binding-win32-arm64-msvc@1.11.0':
    resolution: {integrity: sha512-5XMm8EELDkAVQoMGv4QKqi+SjWnhcU1aq5B9q59iqiXIBNAs72f0d3LAldLrqE2XomP2QweorpsoxuGuIk2Cnw==}
    cpu: [arm64]
    os: [win32]

  '@oxc-resolver/binding-win32-x64-msvc@1.11.0':
    resolution: {integrity: sha512-rVKiZSTgao4SBWyqWvStxDhKmwbKEN/E8+H3CJzIP4FcsL7MQtWH2HT86bmoefkyRe1yO+m2/mG7j3TfADh/Fg==}
    cpu: [x64]
    os: [win32]

  '@swc-node/core@1.13.3':
    resolution: {integrity: sha512-OGsvXIid2Go21kiNqeTIn79jcaX4l0G93X2rAnas4LFoDyA9wAwVK7xZdm+QsKoMn5Mus2yFLCc4OtX2dD/PWA==}
    engines: {node: '>= 10'}
    peerDependencies:
      '@swc/core': '>= 1.4.13'
      '@swc/types': '>= 0.1'

  '@swc-node/register@1.10.9':
    resolution: {integrity: sha512-iXy2sjP0phPEpK2yivjRC3PAgoLaT4sjSk0LDWCTdcTBJmR4waEog0E6eJbvoOkLkOtWw37SB8vCkl/bbh4+8A==}
    peerDependencies:
      '@swc/core': '>= 1.4.13'
      typescript: '>= 4.3'

  '@swc-node/sourcemap-support@0.5.1':
    resolution: {integrity: sha512-JxIvIo/Hrpv0JCHSyRpetAdQ6lB27oFYhv0PKCNf1g2gUXOjpeR1exrXccRxLMuAV5WAmGFBwRnNOJqN38+qtg==}

  '@swc/core-darwin-arm64@1.7.18':
    resolution: {integrity: sha512-MwLc5U+VGPMZm8MjlFBjEB2wyT1EK0NNJ3tn+ps9fmxdFP+PL8EpMiY1O1F2t1ydy2OzBtZz81sycjM9RieFBg==}
    engines: {node: '>=10'}
    cpu: [arm64]
    os: [darwin]

  '@swc/core-darwin-x64@1.7.18':
    resolution: {integrity: sha512-IkukOQUw7/14VkHp446OkYGCZEHqZg9pTmTdBawlUyz2JwZMSn2VodCl7aFSdGCsU4Cwni8zKA8CCgkCCAELhw==}
    engines: {node: '>=10'}
    cpu: [x64]
    os: [darwin]

  '@swc/core-linux-arm-gnueabihf@1.7.18':
    resolution: {integrity: sha512-ATnb6jJaBeXCqrTUawWdoOy7eP9SCI7UMcfXlYIMxX4otKKspLPAEuGA5RaNxlCcj9ObyO0J3YGbtZ6hhD2pjg==}
    engines: {node: '>=10'}
    cpu: [arm]
    os: [linux]

  '@swc/core-linux-arm64-gnu@1.7.18':
    resolution: {integrity: sha512-poHtH7zL7lEp9K2inY90lGHJABWxURAOgWNeZqrcR5+jwIe7q5KBisysH09Zf/JNF9+6iNns+U0xgWTNJzBuGA==}
    engines: {node: '>=10'}
    cpu: [arm64]
    os: [linux]

  '@swc/core-linux-arm64-musl@1.7.18':
    resolution: {integrity: sha512-qnNI1WmcOV7Wz1ZDyK6WrOlzLvJ01rnni8ec950mMHWkLRMP53QvCvhF3S+7gFplWBwWJTOOPPUqJp/PlSxWyQ==}
    engines: {node: '>=10'}
    cpu: [arm64]
    os: [linux]

  '@swc/core-linux-x64-gnu@1.7.18':
    resolution: {integrity: sha512-x9SCqCLzwtlqtD5At3I1a7Gco+EuXnzrJGoucmkpeQohshHuwa+cskqsXO6u1Dz0jXJEuHbBZB9va1wYYfjgFg==}
    engines: {node: '>=10'}
    cpu: [x64]
    os: [linux]

  '@swc/core-linux-x64-musl@1.7.18':
    resolution: {integrity: sha512-qtj8iOpMMgKjzxTv+islmEY0JBsbd93nka0gzcTTmGZxKtL5jSUsYQvkxwNPZr5M9NU1fgaR3n1vE6lFmtY0IQ==}
    engines: {node: '>=10'}
    cpu: [x64]
    os: [linux]

  '@swc/core-win32-arm64-msvc@1.7.18':
    resolution: {integrity: sha512-ltX/Ol9+Qu4SXmISCeuwVgAjSa8nzHTymknpozzVMgjXUoZMoz6lcynfKL1nCh5XLgqh0XNHUKLti5YFF8LrrA==}
    engines: {node: '>=10'}
    cpu: [arm64]
    os: [win32]

  '@swc/core-win32-ia32-msvc@1.7.18':
    resolution: {integrity: sha512-RgTcFP3wgyxnQbTCJrlgBJmgpeTXo8t807GU9GxApAXfpLZJ3swJ2GgFUmIJVdLWyffSHF5BEkF3FmF6mtH5AQ==}
    engines: {node: '>=10'}
    cpu: [ia32]
    os: [win32]

  '@swc/core-win32-x64-msvc@1.7.18':
    resolution: {integrity: sha512-XbZ0wAgzR757+DhQcnv60Y/bK9yuWPhDNRQVFFQVRsowvK3+c6EblyfUSytIidpXgyYFzlprq/9A9ZlO/wvDWw==}
    engines: {node: '>=10'}
    cpu: [x64]
    os: [win32]

  '@swc/core@1.7.18':
    resolution: {integrity: sha512-qL9v5N5S38ijmqiQRvCFUUx2vmxWT/JJ2rswElnyaHkOHuVoAFhBB90Ywj4RKjh3R0zOjhEcemENTyF3q3G6WQ==}
    engines: {node: '>=10'}
    peerDependencies:
      '@swc/helpers': '*'
    peerDependenciesMeta:
      '@swc/helpers':
        optional: true

  '@swc/counter@0.1.3':
    resolution: {integrity: sha512-e2BR4lsJkkRlKZ/qCHPw9ZaSxc0MVUd7gtbtaB7aMvHeJVYe8sOB8DBZkP2DtISHGSku9sCK6T6cnY0CtXrOCQ==}

  '@swc/types@0.1.12':
    resolution: {integrity: sha512-wBJA+SdtkbFhHjTMYH+dEH1y4VpfGdAc2Kw/LK09i9bXd/K6j6PkDcFCEzb6iVfZMkPRrl/q0e3toqTAJdkIVA==}

  '@tybys/wasm-util@0.9.0':
    resolution: {integrity: sha512-6+7nlbMVX/PVDCwaIQ8nTOPveOcFLSt8GcXdx8hD0bt39uWxYT88uXzqTd4fTvqta7oeUJqudepapKNt2DYJFw==}

  '@types/bun@1.1.8':
    resolution: {integrity: sha512-PIwVFQKPviksiibobyvcWtMvMFMTj91T8dQEh9l1P3Ypr3ZuVn9w7HSr+5mTNrPqD1xpdDLEErzZPU8gqHBu6g==}

  '@types/busboy@1.5.4':
    resolution: {integrity: sha512-kG7WrUuAKK0NoyxfQHsVE6j1m01s6kMma64E+OZenQABMQyTJop1DumUWcLwAQ2JzpefU7PDYoRDKl8uZosFjw==}

  '@types/node-forge@1.3.11':
    resolution: {integrity: sha512-FQx220y22OKNTqaByeBGqHWYz4cl94tpcxeFdvBo3wjG6XPBuZ0BNgNZRV5J5TFmmcsJ4IzsLkmGRiQbnYsBEQ==}

  '@types/node@20.12.14':
    resolution: {integrity: sha512-scnD59RpYD91xngrQQLGkE+6UrHUPzeKZWhhjBSa3HSkwjbQc38+q3RoIVEwxQGRw3M+j5hpNAM+lgV3cVormg==}

  '@types/node@20.16.1':
    resolution: {integrity: sha512-zJDo7wEadFtSyNz5QITDfRcrhqDvQI1xQNQ0VoizPjM/dVAODqqIUWbJPkvsxmTI0MYRGRikcdjMPhOssnPejQ==}

  '@types/node@22.5.0':
    resolution: {integrity: sha512-DkFrJOe+rfdHTqqMg0bSNlGlQ85hSoh2TPzZyhHsXnMtligRWpxUySiyw8FY14ITt24HVCiQPWxS3KO/QlGmWg==}

  '@types/tmp@0.2.6':
    resolution: {integrity: sha512-chhaNf2oKHlRkDGt+tiKE2Z5aJ6qalm7Z9rlLdBwmOiAAf09YQvvoLXjWK4HWPF1xU/fqvMgfNfpVoBscA/tKA==}

  '@types/ws@8.5.12':
    resolution: {integrity: sha512-3tPRkv1EtkDpzlgyKyI8pGsGZAGPEaXeu0DOj5DI25Ja91bdAYddYHbADRYVrZMRbfW+1l5YwXVDKohDJNQxkQ==}

  acorn-walk@8.3.3:
    resolution: {integrity: sha512-MxXdReSRhGO7VlFe1bRG/oI7/mdLV9B9JJT0N8vZOhF7gFRR5l3M8W9G8JxmKV+JC5mGqJ0QvqfSOLsCPa4nUw==}
    engines: {node: '>=0.4.0'}

  acorn@8.12.1:
    resolution: {integrity: sha512-tcpGyI9zbizT9JbV6oYE477V6mTlXvvi0T0G3SNIYE2apm/G5huBa1+K89VGeovbg+jycCrfhl3ADxErOuO6Jg==}
    engines: {node: '>=0.4.0'}
    hasBin: true

  anymatch@3.1.3:
    resolution: {integrity: sha512-KMReFUr0B4t+D+OBkjR3KYqvocp2XaSzO55UcB6mgQMd3KbcE+mWTyvVV7D/zsdEbNnV6acZUutkiHQXvTr1Rw==}
    engines: {node: '>= 8'}

  as-table@1.0.55:
    resolution: {integrity: sha512-xvsWESUJn0JN421Xb9MQw6AsMHRCUknCe0Wjlxvjud80mU4E6hQf1A6NzQKcYNmYw62MfzEtXc+badstZP3JpQ==}

  binary-extensions@2.3.0:
    resolution: {integrity: sha512-Ceh+7ox5qe7LJuLHoY0feh3pHuUDHAcRUeyL2VYghZwfpkNIy/+8Ocg0a3UuSoYzavmylwuLWQOf3hl0jjMMIw==}
    engines: {node: '>=8'}

  blake3-wasm@2.1.5:
    resolution: {integrity: sha512-F1+K8EbfOZE49dtoPtmxUQrpXaBIl3ICvasLh+nJta0xkz+9kF/7uet9fLnwKqhDrmj6g+6K3Tw9yQPUg2ka5g==}

  braces@3.0.3:
    resolution: {integrity: sha512-yQbXgO/OSZVD2IsiLlro+7Hf6Q18EJrKSEsdoMzKePKXct3gvD8oLcOQdIzGupr5Fj+EDe8gO/lxc1BzfMpxvA==}
    engines: {node: '>=8'}

  buffer-from@1.1.2:
    resolution: {integrity: sha512-E+XQCRwSbaaiChtv6k6Dwgc+bx+Bs6vuKJHHl5kox/BaKbhiXzqQOwK4cO22yElGp2OCmjwVhT3HmxgyPGnJfQ==}

  bun-types@1.1.26:
    resolution: {integrity: sha512-n7jDe62LsB2+WE8Q8/mT3azkPaatKlj/2MyP6hi3mKvPz9oPpB6JW/Ll6JHtNLudasFFuvfgklYSE+rreGvBjw==}

  busboy@1.6.0:
    resolution: {integrity: sha512-8SFQbg/0hQ9xy3UNTB0YEnsNBbWfhf7RtnzpL7TkBiTBRfrQ9Fxcnz7VJsleJpyp6rVLvXiuORqjlHi5q+PYuA==}
    engines: {node: '>=10.16.0'}

  capnp-ts@0.7.0:
    resolution: {integrity: sha512-XKxXAC3HVPv7r674zP0VC3RTXz+/JKhfyw94ljvF80yynK6VkTnqE3jMuN8b3dUVmmc43TjyxjW4KTsmB3c86g==}

  chokidar@3.6.0:
    resolution: {integrity: sha512-7VT13fmjotKpGipCW9JEQAusEPE+Ei8nl6/g4FBAmIm0GOOLMua9NDDo/DWp0ZAxCr3cPq5ZpBqmPAQgDda2Pw==}
    engines: {node: '>= 8.10.0'}

  colorette@2.0.20:
    resolution: {integrity: sha512-IfEDxwoWIjkeXL1eXcDiow4UbKjhLdq6/EuSVR9GMN7KVH3r9gQ83e73hsz1Nd1T3ijd5xv1wcWRYO+D6kCI2w==}

  consola@3.2.3:
    resolution: {integrity: sha512-I5qxpzLv+sJhTVEoLYNcTW+bThDCPsit0vLNKShZx6rLtpilNpmmeTPaeqJb9ZE9dV3DGaeby6Vuhrw38WjeyQ==}
    engines: {node: ^14.18.0 || >=16.10.0}

  cookie@0.5.0:
    resolution: {integrity: sha512-YZ3GUyn/o8gfKJlnlX7g7xq4gyO6OSuhGPKaaGssGB2qgDUS0gPgtTvoyZLTt9Ab6dC4hfc9dV5arkvc/OCmrw==}
    engines: {node: '>= 0.6'}

  data-uri-to-buffer@2.0.2:
    resolution: {integrity: sha512-ND9qDTLc6diwj+Xe5cdAgVTbLVdXbtxTJRXRhli8Mowuaan+0EJOtdqJ0QCHNSSPyoXGx9HX2/VMnKeC34AChA==}

  date-fns@3.6.0:
    resolution: {integrity: sha512-fRHTG8g/Gif+kSh50gaGEdToemgfj74aRX3swtiouboip5JDLAyDE9F11nHMIcvOaXeOC6D7SpNhi7uFyB7Uww==}

  debug@4.3.6:
    resolution: {integrity: sha512-O/09Bd4Z1fBrU4VzkhFqVgpPzaGbw6Sm9FEkBT1A/YBXQFGuuSxa1dN2nxgxS34JmKXqYx8CZAwEVoJFImUXIg==}
    engines: {node: '>=6.0'}
    peerDependencies:
      supports-color: '*'
    peerDependenciesMeta:
      supports-color:
        optional: true

  defu@6.1.4:
    resolution: {integrity: sha512-mEQCMmwJu317oSz8CwdIOdwf3xMif1ttiM8LTufzc3g6kR+9Pe236twL8j3IYT1F7GfRgGcW6MWxzZjLIkuHIg==}

  esbuild@0.17.19:
    resolution: {integrity: sha512-XQ0jAPFkK/u3LcVRcvVHQcTIqD6E2H1fvZMA5dQPSOWb3suUbWbfbRf94pjc0bNzRYLfIrDRQXr7X+LHIm5oHw==}
    engines: {node: '>=12'}
    hasBin: true

  escape-string-regexp@4.0.0:
    resolution: {integrity: sha512-TtpcNJ3XAzx3Gq8sWRzJaVajRs0uVxA2YAkdb1jm2YkPz4G6egUFAyA3n5vtEIZefPk5Wa4UXbKuS5fKkJWdgA==}
    engines: {node: '>=10'}

  estree-walker@0.6.1:
    resolution: {integrity: sha512-SqmZANLWS0mnatqbSfRP5g8OXZC12Fgg1IwNtLsyHDzJizORW4khDfjPqJZsemPWBB2uqykUah5YpQ6epsqC/w==}

  exit-hook@2.2.1:
    resolution: {integrity: sha512-eNTPlAD67BmP31LDINZ3U7HSF8l57TxOY2PmBJ1shpCvpnxBF93mWCE8YHBnXs8qiUZJc9WDcWIeC3a2HIAMfw==}
    engines: {node: '>=6'}

  fill-range@7.1.1:
    resolution: {integrity: sha512-YsGpe3WHLK8ZYi4tWDg2Jy3ebRz2rXowDxnld4bkQB00cc/1Zw9AWnC0i9ztDJitivtQvaI9KaLyKrc+hBW0yg==}
    engines: {node: '>=8'}

  fsevents@2.3.3:
    resolution: {integrity: sha512-5xoDfX+fL7faATnagmWPpbFtwh/R77WmMMqqHGS65C3vvB0YHrgF+B1YmZ3441tMj5n63k0212XNoJwzlhffQw==}
    engines: {node: ^8.16.0 || ^10.6.0 || >=11.0.0}
    os: [darwin]

  function-bind@1.1.2:
    resolution: {integrity: sha512-7XHNxH7qX9xG5mIwxkhumTox/MIRNcOgDrxWsMt2pAr23WHp6MrRlN7FBSFpCpr+oVO0F744iUgR82nJMfG2SA==}

  get-source@2.0.12:
    resolution: {integrity: sha512-X5+4+iD+HoSeEED+uwrQ07BOQr0kEDFMVqqpBuI+RaZBpBpHCuXxo70bjar6f0b0u/DQJsJ7ssurpP0V60Az+w==}

  glob-parent@5.1.2:
    resolution: {integrity: sha512-AOIgSQCepiJYwP3ARnGx+5VnTu2HBYdzbGP45eLw1vr3zB3vZLeyed1sC9hnbcOc9/SrMyM5RPQrkGz4aS9Zow==}
    engines: {node: '>= 6'}

  glob-to-regexp@0.4.1:
    resolution: {integrity: sha512-lkX1HJXwyMcprw/5YUZc2s7DrpAiHB21/V+E1rHUrVNokkvB6bqMzT0VfV6/86ZNabt1k14YOIaT7nDvOX3Iiw==}

  hasown@2.0.2:
    resolution: {integrity: sha512-0hJU9SCPvmMzIBdZFqNPXWa6dqh7WdH0cII9y+CyS8rG3nL48Bclra9HmKhVVUHyPWNH5Y7xDwAB7bfgSjkUMQ==}
    engines: {node: '>= 0.4'}

  is-binary-path@2.1.0:
    resolution: {integrity: sha512-ZMERYes6pDydyuGidse7OsHxtbI7WVeUEozgR/g7rd0xUimYNlvZRE/K2MgZTjWy725IfelLeVcEM97mmtRGXw==}
    engines: {node: '>=8'}

  is-core-module@2.15.1:
    resolution: {integrity: sha512-z0vtXSwucUJtANQWldhbtbt7BnL0vxiFjIdDLAatwhDYty2bad6s+rijD6Ri4YuYJubLzIJLUidCh09e1djEVQ==}
    engines: {node: '>= 0.4'}

  is-extglob@2.1.1:
    resolution: {integrity: sha512-SbKbANkN603Vi4jEZv49LeVJMn4yGwsbzZworEoyEiutsN3nJYdbO36zfhGJ6QEDpOZIFkDtnq5JRxmvl3jsoQ==}
    engines: {node: '>=0.10.0'}

  is-glob@4.0.3:
    resolution: {integrity: sha512-xelSayHH36ZgE7ZWhli7pW34hNbNl8Ojv5KVmkJD4hBdD3th8Tfk9vYasLM+mXWOZhFkgZfxhLSnrwRr4elSSg==}
    engines: {node: '>=0.10.0'}

  is-number@7.0.0:
    resolution: {integrity: sha512-41Cifkg6e8TylSpdtTpeLVMqvSBEVzTttHvERD741+pnZ8ANv0004MRL43QKPDlK9cGvNp6NZWZUBlbGXYxxng==}
    engines: {node: '>=0.12.0'}

  magic-string@0.25.9:
    resolution: {integrity: sha512-RmF0AsMzgt25qzqqLc1+MbHmhdx0ojF2Fvs4XnOqz2ZOBXzzkEwc/dJQZCYHAn7v1jbVOjAZfK8msRn4BxO4VQ==}

  mime@3.0.0:
    resolution: {integrity: sha512-jSCU7/VB1loIWBZe14aEYHU/+1UMEHoaO7qxCOVJOw9GgH72VAWppxNcjU+x9a2k3GSIBXNKxXQFqRvvZ7vr3A==}
    engines: {node: '>=10.0.0'}
    hasBin: true

  miniflare@3.20240821.0:
    resolution: {integrity: sha512-4BhLGpssQxM/O6TZmJ10GkT3wBJK6emFkZ3V87/HyvQmVt8zMxEBvyw5uv6kdtp+7F54Nw6IKFJjPUL8rFVQrQ==}
    engines: {node: '>=16.13'}
    hasBin: true

  mrmime@2.0.0:
    resolution: {integrity: sha512-eu38+hdgojoyq63s+yTpN4XMBdt5l8HhMhc4VKLO9KM5caLIBvUm4thi7fFaxyTmCKeNnXZ5pAlBwCUnhA09uw==}
    engines: {node: '>=10'}

  ms@2.1.2:
    resolution: {integrity: sha512-sGkPx+VjMtmA6MX27oA4FBFELFCZZ4S4XqeGOXCv68tT+jb3vk/RyaKWP0PTKyWtmLSM0b+adUTEvbs1PEaH2w==}

  multipasta@0.2.5:
    resolution: {integrity: sha512-c8eMDb1WwZcE02WVjHoOmUVk7fnKU/RmUcosHACglrWAuPQsEJv+E8430sXj6jNc1jHw0zrS16aCjQh4BcEb4A==}

  mustache@4.2.0:
    resolution: {integrity: sha512-71ippSywq5Yb7/tVYyGbkBggbU8H3u5Rz56fH60jGFgr8uHwxs+aSKeqmluIVzM0m0kB7xQjKS6qPfd0b2ZoqQ==}
    hasBin: true

  nanoid@3.3.7:
    resolution: {integrity: sha512-eSRppjcPIatRIMC1U6UngP8XFcz8MQWGQdt1MTBQ7NaAmvXDfvNxbvWV3x2y6CdEUciCSsDHDQZbhYaB8QEo2g==}
    engines: {node: ^10 || ^12 || ^13.7 || ^14 || >=15.0.1}
    hasBin: true

  node-fetch-native@1.6.4:
    resolution: {integrity: sha512-IhOigYzAKHd244OC0JIMIUrjzctirCmPkaIfhDeGcEETWof5zKYUW7e7MYvChGWh/4CJeXEgsRyGzuF334rOOQ==}

  node-forge@1.3.1:
    resolution: {integrity: sha512-dPEtOeMvF9VMcYV/1Wb8CPoVAXtp6MKMlcbAt4ddqmGqUJ6fQZFXkNZNkNlfevtNkGtaSoXf/vNNNSvgrdXwtA==}
    engines: {node: '>= 6.13.0'}

  normalize-path@3.0.0:
    resolution: {integrity: sha512-6eZs5Ls3WtCisHWp9S2GUy8dqkpGi4BVSz3GaqiE6ezub0512ESztXUwUB6C6IKbQkY2Pnb/mD4WYojCRwcwLA==}
    engines: {node: '>=0.10.0'}

  oxc-resolver@1.11.0:
    resolution: {integrity: sha512-N3qMse2AM7uST8PaiUMXZkcACyGAMN073tomyvzHTICSzaOqKHvVS0IZ3vj/OqoE140QP4CyOiWmgC1Hw5Urmg==}

  path-parse@1.0.7:
    resolution: {integrity: sha512-LDJzPVEEEPR+y48z93A0Ed0yXb8pAByGWo/k5YYdYgpY2/2EsOsksJrq7lOHxryrVOn1ejG6oAp8ahvOIQD8sw==}

  path-to-regexp@6.2.2:
    resolution: {integrity: sha512-GQX3SSMokngb36+whdpRXE+3f9V8UzyAorlYvOGx87ufGHehNTn5lCxrKtLyZ4Yl/wEKnNnr98ZzOwwDZV5ogw==}

  pathe@1.1.2:
    resolution: {integrity: sha512-whLdWMYL2TwI08hn8/ZqAbrVemu0LNaNNJZX73O6qaIdCTfXutsLhMkjdENX0qhsQ9uIimo4/aQOmXkoon2nDQ==}

  picomatch@2.3.1:
    resolution: {integrity: sha512-JU3teHTNjmE2VCGFzuY8EXzCDVwEqB2a8fsIvwaStHhAWJEeVd1o1QD80CU6+ZdEXXSLbSsuLwJjkCBWqRQUVA==}
    engines: {node: '>=8.6'}

  pirates@4.0.6:
    resolution: {integrity: sha512-saLsH7WeYYPiD25LDuLRRY/i+6HaPYr6G1OUlN39otzkSTxKnubR9RTxS3/Kk50s1g2JTgFwWQDQyplC5/SHZg==}
    engines: {node: '>= 6'}

  prettier@3.3.3:
    resolution: {integrity: sha512-i2tDNA0O5IrMO757lfrdQZCc2jPNDVntV0m/+4whiDfWaTKfMNgR7Qz0NAeGz/nRqF4m5/6CLzbP4/liHt12Ew==}
    engines: {node: '>=14'}
    hasBin: true

  printable-characters@1.0.42:
    resolution: {integrity: sha512-dKp+C4iXWK4vVYZmYSd0KBH5F/h1HoZRsbJ82AVKRO3PEo8L4lBS/vLwhVtpwwuYcoIsVY+1JYKR268yn480uQ==}

  readdirp@3.6.0:
    resolution: {integrity: sha512-hOS089on8RduqdbhvQ5Z37A0ESjsqz6qnRcffsMU3495FuTdqSm+7bhJ29JvIOsBDEEnan5DPu9t3To9VRlMzA==}
    engines: {node: '>=8.10.0'}

  resolve.exports@2.0.2:
    resolution: {integrity: sha512-X2UW6Nw3n/aMgDVy+0rSqgHlv39WZAlZrXCdnbyEiKm17DSqHX4MmQMaST3FbeWR5FTuRcUwYAziZajji0Y7mg==}
    engines: {node: '>=10'}

  resolve@1.22.8:
    resolution: {integrity: sha512-oKWePCxqpd6FlLvGV1VU0x7bkPmmCNolxzjMf4NczoDnQcIWrAF+cPtZn5i6n+RfD2d9i0tzpKnG6Yk168yIyw==}
    hasBin: true

  rollup-plugin-inject@3.0.2:
    resolution: {integrity: sha512-ptg9PQwzs3orn4jkgXJ74bfs5vYz1NCZlSQMBUA0wKcGp5i5pA1AO3fOUEte8enhGUC+iapTCzEWw2jEFFUO/w==}
    deprecated: This package has been deprecated and is no longer maintained. Please use @rollup/plugin-inject.

  rollup-plugin-node-polyfills@0.2.1:
    resolution: {integrity: sha512-4kCrKPTJ6sK4/gLL/U5QzVT8cxJcofO0OU74tnB19F40cmuAKSzH5/siithxlofFEjwvw1YAhPmbvGNA6jEroA==}

  rollup-pluginutils@2.8.2:
    resolution: {integrity: sha512-EEp9NhnUkwY8aif6bxgovPHMoMoNr2FulJziTndpt5H9RdwC47GSGuII9XxpSdzVGM0GWrNPHV6ie1LTNJPaLQ==}

  selfsigned@2.4.1:
    resolution: {integrity: sha512-th5B4L2U+eGLq1TVh7zNRGBapioSORUeymIydxgFpwww9d2qyKvtuPU2jJuHvYAwwqi2Y596QBL3eEqcPEYL8Q==}
    engines: {node: '>=10'}

  source-map-support@0.5.21:
    resolution: {integrity: sha512-uBHU3L3czsIyYXKX88fdrGovxdSCoTGDRZ6SYXtSRxLZUzHg5P/66Ht6uoUlHu9EZod+inXhKo3qQgwXUT/y1w==}

  source-map@0.6.1:
    resolution: {integrity: sha512-UjgapumWlbMhkBgzT7Ykc5YXUT46F0iKu8SGXq0bcwP5dz/h0Plj6enJqjz1Zbq2l5WaqYnrVbwWOWMyF3F47g==}
    engines: {node: '>=0.10.0'}

  sourcemap-codec@1.4.8:
    resolution: {integrity: sha512-9NykojV5Uih4lgo5So5dtw+f0JgJX30KCNI8gwhz2J9A15wD0Ml6tjHKwf6fTSa6fAdVBdZeNOs9eJ71qCk8vA==}
    deprecated: Please use @jridgewell/sourcemap-codec instead

  stacktracey@2.1.8:
    resolution: {integrity: sha512-Kpij9riA+UNg7TnphqjH7/CzctQ/owJGNbFkfEeve4Z4uxT5+JapVLFXcsurIfN34gnTWZNJ/f7NMG0E8JDzTw==}

  stoppable@1.1.0:
    resolution: {integrity: sha512-KXDYZ9dszj6bzvnEMRYvxgeTHU74QBFL54XKtP3nyMuJ81CFYtABZ3bAzL2EdFUaEwJOBOgENyFj3R7oTzDyyw==}
    engines: {node: '>=4', npm: '>=6'}

  streamsearch@1.1.0:
    resolution: {integrity: sha512-Mcc5wHehp9aXz1ax6bZUyY5afg9u2rv5cqQI3mRrYkGC8rW2hM02jWuwjtL++LS5qinSyhj2QfLyNsuc+VsExg==}
    engines: {node: '>=10.0.0'}

  supports-preserve-symlinks-flag@1.0.0:
    resolution: {integrity: sha512-ot0WnXS9fgdkgIcePe6RHNk1WA8+muPa6cSjeR3V8K27q9BB1rTE3R1p7Hv0z1ZyAc8s6Vvv8DIyWf681MAt0w==}
    engines: {node: '>= 0.4'}

  tmp@0.2.3:
    resolution: {integrity: sha512-nZD7m9iCPC5g0pYmcaxogYKggSfLsdxl8of3Q/oIbqCqLLIO9IAF0GWjX1z9NZRHPiXv8Wex4yDCaZsgEw0Y8w==}
    engines: {node: '>=14.14'}

  to-regex-range@5.0.1:
    resolution: {integrity: sha512-65P7iz6X5yEr1cwcgvQxbbIw7Uk3gOy5dIdtZ4rDveLqhrdJP+Li/Hx6tyK0NEb+2GCyneCMJiGqrADCSNk8sQ==}
    engines: {node: '>=8.0'}

  tslib@2.7.0:
    resolution: {integrity: sha512-gLXCKdN1/j47AiHiOkJN69hJmcbGTHI0ImLmbYLHykhgeN0jVGola9yVjFgzCUklsZQMW55o+dW7IXv3RCXDzA==}

  typescript@5.5.4:
    resolution: {integrity: sha512-Mtq29sKDAEYP7aljRgtPOpTvOfbwRWlS6dPRzwjdE+C0R4brX/GUyhHSecbHMFLNBLcJIPt9nl9yG5TZ1weH+Q==}
    engines: {node: '>=14.17'}
    hasBin: true

  ufo@1.5.4:
    resolution: {integrity: sha512-UsUk3byDzKd04EyoZ7U4DOlxQaD14JUKQl6/P7wiX4FNvUfm3XL246n9W5AmqwW5RSFJ27NAuM0iLscAOYUiGQ==}

  undici-types@5.26.5:
    resolution: {integrity: sha512-JlCMO+ehdEIKqlFxk6IfVoAUVmgz7cU7zD/h9XZ0qzeosSHmUJVOzSQvvYSYWXkFXC+IfLKSIffhv0sVZup6pA==}

  undici-types@6.19.8:
    resolution: {integrity: sha512-ve2KP6f/JnbPBFyobGHuerC9g1FYGn/F8n1LWTwNxCEzd6IfqTwUQcNXgEtmmQ6DlRrC1hrSrBnCZPokRrDHjw==}

  undici@5.28.4:
    resolution: {integrity: sha512-72RFADWFqKmUb2hmmvNODKL3p9hcB6Gt2DOQMis1SEBaV6a4MH8soBvzg+95CYhCKPFedut2JY9bMfrDl9D23g==}
    engines: {node: '>=14.0'}

  unenv-nightly@1.10.0-1717606461.a117952:
    resolution: {integrity: sha512-u3TfBX02WzbHTpaEfWEKwDijDSFAHcgXkayUZ+MVDrjhLFvgAJzFGTSTmwlEhwWi2exyRQey23ah9wELMM6etg==}

  workerd@1.20240821.1:
    resolution: {integrity: sha512-y4phjCnEG96u8ZkgkkHB+gSw0i6uMNo23rBmixylWpjxDklB+LWD8dztasvsu7xGaZbLoTxQESdEw956F7VJDA==}
    engines: {node: '>=16'}
    hasBin: true

  wrangler@3.72.3:
    resolution: {integrity: sha512-EBlJGOcwanbzFkiJkRB47WKhvevh1AZK0ty0MyD0gptsgWnAxBfmFGiBuzOuRXbvH45ZrFrTqgi8c67EwcV1nA==}
    engines: {node: '>=16.17.0'}
    hasBin: true
    peerDependencies:
      '@cloudflare/workers-types': ^4.20240821.1
    peerDependenciesMeta:
      '@cloudflare/workers-types':
        optional: true

  ws@8.18.0:
    resolution: {integrity: sha512-8VbfWfHLbbwu3+N6OKsOMpBdT4kXPDDB9cJk2bJ6mh9ucxdlnNvH1e+roYkKmN9Nxw2yjz7VzeO9oOz2zJ04Pw==}
    engines: {node: '>=10.0.0'}
    peerDependencies:
      bufferutil: ^4.0.1
      utf-8-validate: '>=5.0.2'
    peerDependenciesMeta:
      bufferutil:
        optional: true
      utf-8-validate:
        optional: true

  xxhash-wasm@1.0.2:
    resolution: {integrity: sha512-ibF0Or+FivM9lNrg+HGJfVX8WJqgo+kCLDc4vx6xMeTce7Aj+DLttKbxxRR/gNLSAelRc1omAPlJ77N/Jem07A==}

  youch@3.3.3:
    resolution: {integrity: sha512-qSFXUk3UZBLfggAW3dJKg0BMblG5biqSF8M34E06o5CSsZtH92u9Hqmj2RzGiHDi64fhe83+4tENFP2DB6t6ZA==}

  zod@3.23.8:
    resolution: {integrity: sha512-XBx9AXhXktjUqnepgTiE5flcKIYWi/rme0Eaj+5Y0lftuGBq+jyRu/md4WnuxqgP1ubdpNCsYEYPxrzVHD8d6g==}

snapshots:

  '@cloudflare/kv-asset-handler@0.3.4':
    dependencies:
      mime: 3.0.0

  '@cloudflare/workerd-darwin-64@1.20240821.1':
    optional: true

  '@cloudflare/workerd-darwin-arm64@1.20240821.1':
    optional: true

  '@cloudflare/workerd-linux-64@1.20240821.1':
    optional: true

  '@cloudflare/workerd-linux-arm64@1.20240821.1':
    optional: true

  '@cloudflare/workerd-windows-64@1.20240821.1':
    optional: true

  '@cloudflare/workers-shared@0.4.0': {}

  '@cloudflare/workers-types@4.20240821.1': {}

  '@cspotcode/source-map-support@0.8.1':
    dependencies:
      '@jridgewell/trace-mapping': 0.3.9

  '@emnapi/core@1.2.0':
    dependencies:
      '@emnapi/wasi-threads': 1.0.1
      tslib: 2.7.0
    optional: true

  '@emnapi/runtime@1.2.0':
    dependencies:
      tslib: 2.7.0
    optional: true

  '@emnapi/wasi-threads@1.0.1':
    dependencies:
      tslib: 2.7.0
    optional: true

  '@esbuild-plugins/node-globals-polyfill@0.2.3(esbuild@0.17.19)':
    dependencies:
      esbuild: 0.17.19

  '@esbuild-plugins/node-modules-polyfill@0.2.2(esbuild@0.17.19)':
    dependencies:
      esbuild: 0.17.19
      escape-string-regexp: 4.0.0
      rollup-plugin-node-polyfills: 0.2.1

  '@esbuild/android-arm64@0.17.19':
    optional: true

  '@esbuild/android-arm@0.17.19':
    optional: true

  '@esbuild/android-x64@0.17.19':
    optional: true

  '@esbuild/darwin-arm64@0.17.19':
    optional: true

  '@esbuild/darwin-x64@0.17.19':
    optional: true

  '@esbuild/freebsd-arm64@0.17.19':
    optional: true

  '@esbuild/freebsd-x64@0.17.19':
    optional: true

  '@esbuild/linux-arm64@0.17.19':
    optional: true

  '@esbuild/linux-arm@0.17.19':
    optional: true

  '@esbuild/linux-ia32@0.17.19':
    optional: true

  '@esbuild/linux-loong64@0.17.19':
    optional: true

  '@esbuild/linux-mips64el@0.17.19':
    optional: true

  '@esbuild/linux-ppc64@0.17.19':
    optional: true

  '@esbuild/linux-riscv64@0.17.19':
    optional: true

  '@esbuild/linux-s390x@0.17.19':
    optional: true

  '@esbuild/linux-x64@0.17.19':
    optional: true

  '@esbuild/netbsd-x64@0.17.19':
    optional: true

  '@esbuild/openbsd-x64@0.17.19':
    optional: true

  '@esbuild/sunos-x64@0.17.19':
    optional: true

  '@esbuild/win32-arm64@0.17.19':
    optional: true

  '@esbuild/win32-ia32@0.17.19':
    optional: true

  '@esbuild/win32-x64@0.17.19':
    optional: true

  '@fastify/busboy@2.1.1': {}

  '@fastify/busboy@3.0.0': {}

  '@jridgewell/resolve-uri@3.1.2': {}

  '@jridgewell/sourcemap-codec@1.5.0': {}

  '@jridgewell/trace-mapping@0.3.9':
    dependencies:
      '@jridgewell/resolve-uri': 3.1.2
      '@jridgewell/sourcemap-codec': 1.5.0

  '@mjackson/headers@0.5.1': {}

  '@mjackson/lazy-file@2.2.0':
    dependencies:
      mrmime: 2.0.0

  '@mjackson/multipart-parser@0.6.2':
    dependencies:
      '@mjackson/headers': 0.5.1

  '@napi-rs/wasm-runtime@0.2.4':
    dependencies:
      '@emnapi/core': 1.2.0
      '@emnapi/runtime': 1.2.0
      '@tybys/wasm-util': 0.9.0
    optional: true

  '@oxc-resolver/binding-darwin-arm64@1.11.0':
    optional: true

  '@oxc-resolver/binding-darwin-x64@1.11.0':
    optional: true

  '@oxc-resolver/binding-freebsd-x64@1.11.0':
    optional: true

  '@oxc-resolver/binding-linux-arm-gnueabihf@1.11.0':
    optional: true

  '@oxc-resolver/binding-linux-arm64-gnu@1.11.0':
    optional: true

  '@oxc-resolver/binding-linux-arm64-musl@1.11.0':
    optional: true

  '@oxc-resolver/binding-linux-x64-gnu@1.11.0':
    optional: true

  '@oxc-resolver/binding-linux-x64-musl@1.11.0':
    optional: true

  '@oxc-resolver/binding-wasm32-wasi@1.11.0':
    dependencies:
      '@napi-rs/wasm-runtime': 0.2.4
    optional: true

  '@oxc-resolver/binding-win32-arm64-msvc@1.11.0':
    optional: true

  '@oxc-resolver/binding-win32-x64-msvc@1.11.0':
    optional: true

  '@swc-node/core@1.13.3(@swc/core@1.7.18)(@swc/types@0.1.12)':
    dependencies:
      '@swc/core': 1.7.18
      '@swc/types': 0.1.12

  '@swc-node/register@1.10.9(@swc/core@1.7.18)(@swc/types@0.1.12)(typescript@5.5.4)':
    dependencies:
      '@swc-node/core': 1.13.3(@swc/core@1.7.18)(@swc/types@0.1.12)
      '@swc-node/sourcemap-support': 0.5.1
      '@swc/core': 1.7.18
      colorette: 2.0.20
      debug: 4.3.6
      oxc-resolver: 1.11.0
      pirates: 4.0.6
      tslib: 2.7.0
      typescript: 5.5.4
    transitivePeerDependencies:
      - '@swc/types'
      - supports-color

  '@swc-node/sourcemap-support@0.5.1':
    dependencies:
      source-map-support: 0.5.21
      tslib: 2.7.0

  '@swc/core-darwin-arm64@1.7.18':
    optional: true

  '@swc/core-darwin-x64@1.7.18':
    optional: true

  '@swc/core-linux-arm-gnueabihf@1.7.18':
    optional: true

  '@swc/core-linux-arm64-gnu@1.7.18':
    optional: true

  '@swc/core-linux-arm64-musl@1.7.18':
    optional: true

  '@swc/core-linux-x64-gnu@1.7.18':
    optional: true

  '@swc/core-linux-x64-musl@1.7.18':
    optional: true

  '@swc/core-win32-arm64-msvc@1.7.18':
    optional: true

  '@swc/core-win32-ia32-msvc@1.7.18':
    optional: true

  '@swc/core-win32-x64-msvc@1.7.18':
    optional: true

  '@swc/core@1.7.18':
    dependencies:
      '@swc/counter': 0.1.3
      '@swc/types': 0.1.12
    optionalDependencies:
      '@swc/core-darwin-arm64': 1.7.18
      '@swc/core-darwin-x64': 1.7.18
      '@swc/core-linux-arm-gnueabihf': 1.7.18
      '@swc/core-linux-arm64-gnu': 1.7.18
      '@swc/core-linux-arm64-musl': 1.7.18
      '@swc/core-linux-x64-gnu': 1.7.18
      '@swc/core-linux-x64-musl': 1.7.18
      '@swc/core-win32-arm64-msvc': 1.7.18
      '@swc/core-win32-ia32-msvc': 1.7.18
      '@swc/core-win32-x64-msvc': 1.7.18

  '@swc/counter@0.1.3': {}

  '@swc/types@0.1.12':
    dependencies:
      '@swc/counter': 0.1.3

  '@tybys/wasm-util@0.9.0':
    dependencies:
      tslib: 2.7.0
    optional: true

  '@types/bun@1.1.8':
    dependencies:
      bun-types: 1.1.26

  '@types/busboy@1.5.4':
    dependencies:
      '@types/node': 22.5.0

  '@types/node-forge@1.3.11':
    dependencies:
      '@types/node': 22.5.0

  '@types/node@20.12.14':
    dependencies:
      undici-types: 5.26.5

  '@types/node@20.16.1':
    dependencies:
      undici-types: 6.19.8

  '@types/node@22.5.0':
    dependencies:
      undici-types: 6.19.8

  '@types/tmp@0.2.6': {}

  '@types/ws@8.5.12':
    dependencies:
      '@types/node': 22.5.0

  acorn-walk@8.3.3:
    dependencies:
      acorn: 8.12.1

  acorn@8.12.1: {}

  anymatch@3.1.3:
    dependencies:
      normalize-path: 3.0.0
      picomatch: 2.3.1

  as-table@1.0.55:
    dependencies:
      printable-characters: 1.0.42

  binary-extensions@2.3.0: {}

  blake3-wasm@2.1.5: {}

  braces@3.0.3:
    dependencies:
      fill-range: 7.1.1

  buffer-from@1.1.2: {}

  bun-types@1.1.26:
    dependencies:
      '@types/node': 20.12.14
      '@types/ws': 8.5.12

  busboy@1.6.0:
    dependencies:
      streamsearch: 1.1.0

  capnp-ts@0.7.0:
    dependencies:
      debug: 4.3.6
      tslib: 2.7.0
    transitivePeerDependencies:
      - supports-color

  chokidar@3.6.0:
    dependencies:
      anymatch: 3.1.3
      braces: 3.0.3
      glob-parent: 5.1.2
      is-binary-path: 2.1.0
      is-glob: 4.0.3
      normalize-path: 3.0.0
      readdirp: 3.6.0
    optionalDependencies:
      fsevents: 2.3.3

  colorette@2.0.20: {}

  consola@3.2.3: {}

  cookie@0.5.0: {}

  data-uri-to-buffer@2.0.2: {}

  date-fns@3.6.0: {}

  debug@4.3.6:
    dependencies:
      ms: 2.1.2

  defu@6.1.4: {}

  esbuild@0.17.19:
    optionalDependencies:
      '@esbuild/android-arm': 0.17.19
      '@esbuild/android-arm64': 0.17.19
      '@esbuild/android-x64': 0.17.19
      '@esbuild/darwin-arm64': 0.17.19
      '@esbuild/darwin-x64': 0.17.19
      '@esbuild/freebsd-arm64': 0.17.19
      '@esbuild/freebsd-x64': 0.17.19
      '@esbuild/linux-arm': 0.17.19
      '@esbuild/linux-arm64': 0.17.19
      '@esbuild/linux-ia32': 0.17.19
      '@esbuild/linux-loong64': 0.17.19
      '@esbuild/linux-mips64el': 0.17.19
      '@esbuild/linux-ppc64': 0.17.19
      '@esbuild/linux-riscv64': 0.17.19
      '@esbuild/linux-s390x': 0.17.19
      '@esbuild/linux-x64': 0.17.19
      '@esbuild/netbsd-x64': 0.17.19
      '@esbuild/openbsd-x64': 0.17.19
      '@esbuild/sunos-x64': 0.17.19
      '@esbuild/win32-arm64': 0.17.19
      '@esbuild/win32-ia32': 0.17.19
      '@esbuild/win32-x64': 0.17.19

  escape-string-regexp@4.0.0: {}

  estree-walker@0.6.1: {}

  exit-hook@2.2.1: {}

  fill-range@7.1.1:
    dependencies:
      to-regex-range: 5.0.1

  fsevents@2.3.3:
    optional: true

  function-bind@1.1.2: {}

  get-source@2.0.12:
    dependencies:
      data-uri-to-buffer: 2.0.2
      source-map: 0.6.1

  glob-parent@5.1.2:
    dependencies:
      is-glob: 4.0.3

  glob-to-regexp@0.4.1: {}

  hasown@2.0.2:
    dependencies:
      function-bind: 1.1.2

  is-binary-path@2.1.0:
    dependencies:
      binary-extensions: 2.3.0

  is-core-module@2.15.1:
    dependencies:
      hasown: 2.0.2

  is-extglob@2.1.1: {}

  is-glob@4.0.3:
    dependencies:
      is-extglob: 2.1.1

  is-number@7.0.0: {}

  magic-string@0.25.9:
    dependencies:
      sourcemap-codec: 1.4.8

  mime@3.0.0: {}

  miniflare@3.20240821.0:
    dependencies:
      '@cspotcode/source-map-support': 0.8.1
      acorn: 8.12.1
      acorn-walk: 8.3.3
      capnp-ts: 0.7.0
      exit-hook: 2.2.1
      glob-to-regexp: 0.4.1
      stoppable: 1.1.0
      undici: 5.28.4
      workerd: 1.20240821.1
      ws: 8.18.0
      youch: 3.3.3
      zod: 3.23.8
    transitivePeerDependencies:
      - bufferutil
      - supports-color
      - utf-8-validate

  mrmime@2.0.0: {}

  ms@2.1.2: {}

  multipasta@0.2.5: {}

  mustache@4.2.0: {}

  nanoid@3.3.7: {}

  node-fetch-native@1.6.4: {}

  node-forge@1.3.1: {}

  normalize-path@3.0.0: {}

  oxc-resolver@1.11.0:
    optionalDependencies:
      '@oxc-resolver/binding-darwin-arm64': 1.11.0
      '@oxc-resolver/binding-darwin-x64': 1.11.0
      '@oxc-resolver/binding-freebsd-x64': 1.11.0
      '@oxc-resolver/binding-linux-arm-gnueabihf': 1.11.0
      '@oxc-resolver/binding-linux-arm64-gnu': 1.11.0
      '@oxc-resolver/binding-linux-arm64-musl': 1.11.0
      '@oxc-resolver/binding-linux-x64-gnu': 1.11.0
      '@oxc-resolver/binding-linux-x64-musl': 1.11.0
      '@oxc-resolver/binding-wasm32-wasi': 1.11.0
      '@oxc-resolver/binding-win32-arm64-msvc': 1.11.0
      '@oxc-resolver/binding-win32-x64-msvc': 1.11.0

  path-parse@1.0.7: {}

  path-to-regexp@6.2.2: {}

  pathe@1.1.2: {}

  picomatch@2.3.1: {}

  pirates@4.0.6: {}

  prettier@3.3.3: {}

  printable-characters@1.0.42: {}

  readdirp@3.6.0:
    dependencies:
      picomatch: 2.3.1

  resolve.exports@2.0.2: {}

  resolve@1.22.8:
    dependencies:
      is-core-module: 2.15.1
      path-parse: 1.0.7
      supports-preserve-symlinks-flag: 1.0.0

  rollup-plugin-inject@3.0.2:
    dependencies:
      estree-walker: 0.6.1
      magic-string: 0.25.9
      rollup-pluginutils: 2.8.2

  rollup-plugin-node-polyfills@0.2.1:
    dependencies:
      rollup-plugin-inject: 3.0.2

  rollup-pluginutils@2.8.2:
    dependencies:
      estree-walker: 0.6.1

  selfsigned@2.4.1:
    dependencies:
      '@types/node-forge': 1.3.11
      node-forge: 1.3.1

  source-map-support@0.5.21:
    dependencies:
      buffer-from: 1.1.2
      source-map: 0.6.1

  source-map@0.6.1: {}

  sourcemap-codec@1.4.8: {}

  stacktracey@2.1.8:
    dependencies:
      as-table: 1.0.55
      get-source: 2.0.12

  stoppable@1.1.0: {}

  streamsearch@1.1.0: {}

  supports-preserve-symlinks-flag@1.0.0: {}

  tmp@0.2.3: {}

  to-regex-range@5.0.1:
    dependencies:
      is-number: 7.0.0

  tslib@2.7.0: {}

  typescript@5.5.4: {}

  ufo@1.5.4: {}

  undici-types@5.26.5: {}

  undici-types@6.19.8: {}

  undici@5.28.4:
    dependencies:
      '@fastify/busboy': 2.1.1

  unenv-nightly@1.10.0-1717606461.a117952:
    dependencies:
      consola: 3.2.3
      defu: 6.1.4
      mime: 3.0.0
      node-fetch-native: 1.6.4
      pathe: 1.1.2
      ufo: 1.5.4

  workerd@1.20240821.1:
    optionalDependencies:
      '@cloudflare/workerd-darwin-64': 1.20240821.1
      '@cloudflare/workerd-darwin-arm64': 1.20240821.1
      '@cloudflare/workerd-linux-64': 1.20240821.1
      '@cloudflare/workerd-linux-arm64': 1.20240821.1
      '@cloudflare/workerd-windows-64': 1.20240821.1

  wrangler@3.72.3(@cloudflare/workers-types@4.20240821.1):
    dependencies:
      '@cloudflare/kv-asset-handler': 0.3.4
      '@cloudflare/workers-shared': 0.4.0
      '@esbuild-plugins/node-globals-polyfill': 0.2.3(esbuild@0.17.19)
      '@esbuild-plugins/node-modules-polyfill': 0.2.2(esbuild@0.17.19)
      blake3-wasm: 2.1.5
      chokidar: 3.6.0
      date-fns: 3.6.0
      esbuild: 0.17.19
      miniflare: 3.20240821.0
      nanoid: 3.3.7
      path-to-regexp: 6.2.2
      resolve: 1.22.8
      resolve.exports: 2.0.2
      selfsigned: 2.4.1
      source-map: 0.6.1
      unenv: unenv-nightly@1.10.0-1717606461.a117952
      workerd: 1.20240821.1
      xxhash-wasm: 1.0.2
    optionalDependencies:
      '@cloudflare/workers-types': 4.20240821.1
      fsevents: 2.3.3
    transitivePeerDependencies:
      - bufferutil
      - supports-color
      - utf-8-validate

  ws@8.18.0: {}

  xxhash-wasm@1.0.2: {}

  youch@3.3.3:
    dependencies:
      cookie: 0.5.0
      mustache: 4.2.0
      stacktracey: 2.1.8

  zod@3.23.8: {}
