lockfileVersion: '6.0'

dependencies:
  '@remix-run/router':
    specifier: 1.5.0-pre.0
    version: 1.5.0-pre.0
  '@types/cookie':
    specifier: ^0.4.0
    version: 0.4.0
  '@types/react':
    specifier: ^18.0.15
    version: 18.0.15
  '@web3-storage/multipart-parser':
    specifier: ^1.0.0
    version: 1.0.0
  cookie:
    specifier: ^0.4.1
    version: 0.4.1
  set-cookie-parser:
    specifier: ^2.4.8
    version: 2.4.8
  source-map:
    specifier: ^0.7.3
    version: 0.7.3

devDependencies:
  '@remix-run/web-file':
    specifier: ^3.0.2
    version: 3.0.2
  '@types/set-cookie-parser':
    specifier: ^2.4.1
    version: 2.4.1
  ioredis:
    specifier: 5.3.1
    version: 5.3.1

packages:

  /@ioredis/commands@1.2.0:
    resolution: {integrity: sha512-Sx1pU8EM64o2BrqNpEO1CNLtKQwyhuXuqyfH7oGKCk+1a33d2r5saW8zNwm3j6BTExtjrv2BxTgzzkMwts6vGg==}
    dev: true

  /@remix-run/router@1.5.0-pre.0:
    resolution: {integrity: sha512-HQEHqdS8KhhUkcphyhjaSH27svCEjYEj+KHDyFiSyblsOKSgro0wbMzO37Jkl8neYrBcld8nzzKw83KnlRkV0g==}
    engines: {node: '>=14'}
    dev: false

  /@remix-run/web-blob@3.0.4:
    resolution: {integrity: sha512-AfegzZvSSDc+LwnXV+SwROTrDtoLiPxeFW+jxgvtDAnkuCX1rrzmVJ6CzqZ1Ai0bVfmJadkG5GxtAfYclpPmgw==}
    dependencies:
      '@remix-run/web-stream': 1.0.3
      web-encoding: 1.1.5
    dev: true

  /@remix-run/web-file@3.0.2:
    resolution: {integrity: sha512-eFC93Onh/rZ5kUNpCQersmBtxedGpaXK2/gsUl49BYSGK/DvuPu3l06vmquEDdcPaEuXcsdGP0L7zrmUqrqo4A==}
    dependencies:
      '@remix-run/web-blob': 3.0.4
    dev: true

  /@remix-run/web-stream@1.0.3:
    resolution: {integrity: sha512-wlezlJaA5NF6SsNMiwQnnAW6tnPzQ5I8qk0Y0pSohm0eHKa2FQ1QhEKLVVcDDu02TmkfHgnux0igNfeYhDOXiA==}
    dependencies:
      web-streams-polyfill: 3.2.1
    dev: true

  /@types/cookie@0.4.0:
    resolution: {integrity: sha512-y7mImlc/rNkvCRmg8gC3/lj87S7pTUIJ6QGjwHR9WQJcFs+ZMTOaoPrkdFA/YdbuqVEmEbb5RdhVxMkAcgOnpg==}
    dev: false

  /@types/node@18.15.11:
    resolution: {integrity: sha512-E5Kwq2n4SbMzQOn6wnmBjuK9ouqlURrcZDVfbo9ftDDTFt3nk7ZKK4GMOzoYgnpQJKcxwQw+lGaBvvlMo0qN/Q==}
    dev: true

  /@types/prop-types@15.7.5:
    resolution: {integrity: sha512-JCB8C6SnDoQf0cNycqd/35A7MjcnK+ZTqE7judS6o7utxUCg6imJg3QK2qzHKszlTjcj2cn+NwMB2i96ubpj7w==}
    dev: false

  /@types/react@18.0.15:
    resolution: {integrity: sha512-iz3BtLuIYH1uWdsv6wXYdhozhqj20oD4/Hk2DNXIn1kFsmp9x8d9QB6FnPhfkbhd2PgEONt9Q1x/ebkwjfFLow==}
    dependencies:
      '@types/prop-types': 15.7.5
      '@types/scheduler': 0.16.3
      csstype: 3.1.1
    dev: false

  /@types/scheduler@0.16.3:
    resolution: {integrity: sha512-5cJ8CB4yAx7BH1oMvdU0Jh9lrEXyPkar6F9G/ERswkCuvP4KQZfZkSjcMbAICCpQTN4OuZn8tz0HiKv9TGZgrQ==}
    dev: false

  /@types/set-cookie-parser@2.4.1:
    resolution: {integrity: sha512-N0IWe4vT1w5IOYdN9c9PNpQniHS+qe25W4tj4vfhJDJ9OkvA/YA55YUhaC+HNmMMeLlOSnBW9UMno0qlt5xu3Q==}
    dependencies:
      '@types/node': 18.15.11
    dev: true

  /@web3-storage/multipart-parser@1.0.0:
    resolution: {integrity: sha512-BEO6al7BYqcnfX15W2cnGR+Q566ACXAT9UQykORCWW80lmkpWsnEob6zJS1ZVBKsSJC8+7vJkHwlp+lXG1UCdw==}
    dev: false

  /@zxing/text-encoding@0.9.0:
    resolution: {integrity: sha512-U/4aVJ2mxI0aDNI8Uq0wEhMgY+u4CNtEb0om3+y3+niDAsoTCOB33UF0sxpzqzdqXLqmvc+vZyAt4O8pPdfkwA==}
    requiresBuild: true
    dev: true
    optional: true

  /available-typed-arrays@1.0.5:
    resolution: {integrity: sha512-DMD0KiN46eipeziST1LPP/STfDU0sufISXmjSgvVsoU2tqxctQeASejWcfNtxYKqETM1UxQ8sp2OrSBWpHY6sw==}
    engines: {node: '>= 0.4'}
    dev: true

  /call-bind@1.0.2:
    resolution: {integrity: sha512-7O+FbCihrB5WGbFYesctwmTKae6rOiIzmz1icreWJ+0aA7LJfuqhEso2T9ncpcFtzMQtzXf2QGGueWJGTYsqrA==}
    dependencies:
      function-bind: 1.1.1
      get-intrinsic: 1.2.0
    dev: true

  /cluster-key-slot@1.1.2:
    resolution: {integrity: sha512-RMr0FhtfXemyinomL4hrWcYJxmX6deFdCxpJzhDttxgO1+bcCnkk+9drydLVDmAMG7NE6aN/fl4F7ucU/90gAA==}
    engines: {node: '>=0.10.0'}
    dev: true

  /cookie@0.4.1:
    resolution: {integrity: sha512-ZwrFkGJxUR3EIoXtO+yVE69Eb7KlixbaeAWfBQB9vVsNn/o+Yw69gBWSSDK825hQNdN+wF8zELf3dFNl/kxkUA==}
    engines: {node: '>= 0.6'}
    dev: false

  /csstype@3.1.1:
    resolution: {integrity: sha512-DJR/VvkAvSZW9bTouZue2sSxDwdTN92uHjqeKVm+0dAqdfNykRzQ95tay8aXMBAAPpUiq4Qcug2L7neoRh2Egw==}
    dev: false

  /debug@4.3.4:
    resolution: {integrity: sha512-PRWFHuSU3eDtQJPvnNY7Jcket1j0t5OuOsFzPPzsekD52Zl8qUfFIPEiswXqIvHWGVHOgX+7G/vCNNhehwxfkQ==}
    engines: {node: '>=6.0'}
    peerDependencies:
      supports-color: '*'
    peerDependenciesMeta:
      supports-color:
        optional: true
    dependencies:
      ms: 2.1.2
    dev: true

  /denque@2.1.0:
    resolution: {integrity: sha512-HVQE3AAb/pxF8fQAoiqpvg9i3evqug3hoiwakOyZAwJm+6vZehbkYXZ0l4JxS+I3QxM97v5aaRNhj8v5oBhekw==}
    engines: {node: '>=0.10'}
    dev: true

  /for-each@0.3.3:
    resolution: {integrity: sha512-jqYfLp7mo9vIyQf8ykW2v7A+2N4QjeCeI5+Dz9XraiO1ign81wjiH7Fb9vSOWvQfNtmSa4H2RoQTrrXivdUZmw==}
    dependencies:
      is-callable: 1.2.7
    dev: true

  /function-bind@1.1.1:
    resolution: {integrity: sha512-yIovAzMX49sF8Yl58fSCWJ5svSLuaibPxXQJFLmBObTuCr0Mf1KiPopGM9NiFjiYBCbfaa2Fh6breQ6ANVTI0A==}
    dev: true

  /get-intrinsic@1.2.0:
    resolution: {integrity: sha512-L049y6nFOuom5wGyRc3/gdTLO94dySVKRACj1RmJZBQXlbTMhtNIgkWkUHq+jYmZvKf14EW1EoJnnjbmoHij0Q==}
    dependencies:
      function-bind: 1.1.1
      has: 1.0.3
      has-symbols: 1.0.3
    dev: true

  /gopd@1.0.1:
    resolution: {integrity: sha512-d65bNlIadxvpb/A2abVdlqKqV563juRnZ1Wtk6s1sIR8uNsXR70xqIzVqxVf1eTqDunwT2MkczEeaezCKTZhwA==}
    dependencies:
      get-intrinsic: 1.2.0
    dev: true

  /has-symbols@1.0.3:
    resolution: {integrity: sha512-l3LCuF6MgDNwTDKkdYGEihYjt5pRPbEg46rtlmnSPlUbgmB8LOIrKJbYYFBSbnPaJexMKtiPO8hmeRjRz2Td+A==}
    engines: {node: '>= 0.4'}
    dev: true

  /has-tostringtag@1.0.0:
    resolution: {integrity: sha512-kFjcSNhnlGV1kyoGk7OXKSawH5JOb/LzUc5w9B02hOTO0dfFRjbHQKvg1d6cf3HbeUmtU9VbbV3qzZ2Teh97WQ==}
    engines: {node: '>= 0.4'}
    dependencies:
      has-symbols: 1.0.3
    dev: true

  /has@1.0.3:
    resolution: {integrity: sha512-f2dvO0VU6Oej7RkWJGrehjbzMAjFp5/VKPp5tTpWIV4JHHZK1/BxbFRtf/siA2SWTe09caDmVtYYzWEIbBS4zw==}
    engines: {node: '>= 0.4.0'}
    dependencies:
      function-bind: 1.1.1
    dev: true

  /inherits@2.0.4:
    resolution: {integrity: sha512-k/vGaX4/Yla3WzyMCvTQOXYeIHvqOKtnqBduzTHpzpQZzAskKMhZ2K+EnBiSM9zGSoIFeMpXKxa4dYeZIQqewQ==}
    dev: true

  /ioredis@5.3.1:
    resolution: {integrity: sha512-C+IBcMysM6v52pTLItYMeV4Hz7uriGtoJdz7SSBDX6u+zwSYGirLdQh3L7t/OItWITcw3gTFMjJReYUwS4zihg==}
    engines: {node: '>=12.22.0'}
    dependencies:
      '@ioredis/commands': 1.2.0
      cluster-key-slot: 1.1.2
      debug: 4.3.4
      denque: 2.1.0
      lodash.defaults: 4.2.0
      lodash.isarguments: 3.1.0
      redis-errors: 1.2.0
      redis-parser: 3.0.0
      standard-as-callback: 2.1.0
    transitivePeerDependencies:
      - supports-color
    dev: true

  /is-arguments@1.1.1:
    resolution: {integrity: sha512-8Q7EARjzEnKpt/PCD7e1cgUS0a6X8u5tdSiMqXhojOdoV9TsMsiO+9VLC5vAmO8N7/GmXn7yjR8qnA6bVAEzfA==}
    engines: {node: '>= 0.4'}
    dependencies:
      call-bind: 1.0.2
      has-tostringtag: 1.0.0
    dev: true

  /is-callable@1.2.7:
    resolution: {integrity: sha512-1BC0BVFhS/p0qtw6enp8e+8OD0UrK0oFLztSjNzhcKA3WDuJxxAPXzPuPtKkjEY9UUoEWlX/8fgKeu2S8i9JTA==}
    engines: {node: '>= 0.4'}
    dev: true

  /is-generator-function@1.0.10:
    resolution: {integrity: sha512-jsEjy9l3yiXEQ+PsXdmBwEPcOxaXWLspKdplFUVI9vq1iZgIekeC0L167qeu86czQaxed3q/Uzuw0swL0irL8A==}
    engines: {node: '>= 0.4'}
    dependencies:
      has-tostringtag: 1.0.0
    dev: true

  /is-typed-array@1.1.10:
    resolution: {integrity: sha512-PJqgEHiWZvMpaFZ3uTc8kHPM4+4ADTlDniuQL7cU/UDA0Ql7F70yGfHph3cLNe+c9toaigv+DFzTJKhc2CtO6A==}
    engines: {node: '>= 0.4'}
    dependencies:
      available-typed-arrays: 1.0.5
      call-bind: 1.0.2
      for-each: 0.3.3
      gopd: 1.0.1
      has-tostringtag: 1.0.0
    dev: true

  /lodash.defaults@4.2.0:
    resolution: {integrity: sha512-qjxPLHd3r5DnsdGacqOMU6pb/avJzdh9tFX2ymgoZE27BmjXrNy/y4LoaiTeAb+O3gL8AfpJGtqfX/ae2leYYQ==}
    dev: true

  /lodash.isarguments@3.1.0:
    resolution: {integrity: sha512-chi4NHZlZqZD18a0imDHnZPrDeBbTtVN7GXMwuGdRH9qotxAjYs3aVLKc7zNOG9eddR5Ksd8rvFEBc9SsggPpg==}
    dev: true

  /ms@2.1.2:
    resolution: {integrity: sha512-sGkPx+VjMtmA6MX27oA4FBFELFCZZ4S4XqeGOXCv68tT+jb3vk/RyaKWP0PTKyWtmLSM0b+adUTEvbs1PEaH2w==}
    dev: true

  /redis-errors@1.2.0:
    resolution: {integrity: sha512-1qny3OExCf0UvUV/5wpYKf2YwPcOqXzkwKKSmKHiE6ZMQs5heeE/c8eXK+PNllPvmjgAbfnsbpkGZWy8cBpn9w==}
    engines: {node: '>=4'}
    dev: true

  /redis-parser@3.0.0:
    resolution: {integrity: sha512-DJnGAeenTdpMEH6uAJRK/uiyEIH9WVsUmoLwzudwGJUwZPp80PDBWPHXSAGNPwNvIXAbe7MSUB1zQFugFml66A==}
    engines: {node: '>=4'}
    dependencies:
      redis-errors: 1.2.0
    dev: true

  /set-cookie-parser@2.4.8:
    resolution: {integrity: sha512-edRH8mBKEWNVIVMKejNnuJxleqYE/ZSdcT8/Nem9/mmosx12pctd80s2Oy00KNZzrogMZS5mauK2/ymL1bvlvg==}
    dev: false

  /source-map@0.7.3:
    resolution: {integrity: sha512-CkCj6giN3S+n9qrYiBTX5gystlENnRW5jZeNLHpe6aue+SrHcG5VYwujhW9s4dY31mEGsxBDrHR6oI69fTXsaQ==}
    engines: {node: '>= 8'}
    dev: false

  /standard-as-callback@2.1.0:
    resolution: {integrity: sha512-qoRRSyROncaz1z0mvYqIE4lCd9p2R90i6GxW3uZv5ucSu8tU7B5HXUP1gG8pVZsYNVaXjk8ClXHPttLyxAL48A==}
    dev: true

  /util@0.12.5:
    resolution: {integrity: sha512-kZf/K6hEIrWHI6XqOFUiiMa+79wE/D8Q+NCNAWclkyg3b4d2k7s0QGepNjiABc+aR3N1PAyHL7p6UcLY6LmrnA==}
    dependencies:
      inherits: 2.0.4
      is-arguments: 1.1.1
      is-generator-function: 1.0.10
      is-typed-array: 1.1.10
      which-typed-array: 1.1.9
    dev: true

  /web-encoding@1.1.5:
    resolution: {integrity: sha512-HYLeVCdJ0+lBYV2FvNZmv3HJ2Nt0QYXqZojk3d9FJOLkwnuhzM9tmamh8d7HPM8QqjKH8DeHkFTx+CFlWpZZDA==}
    dependencies:
      util: 0.12.5
    optionalDependencies:
      '@zxing/text-encoding': 0.9.0
    dev: true

  /web-streams-polyfill@3.2.1:
    resolution: {integrity: sha512-e0MO3wdXWKrLbL0DgGnUV7WHVuw9OUvL4hjgnPkIeEvESk74gAITi5G606JtZPp39cd8HA9VQzCIvA49LpPN5Q==}
    engines: {node: '>= 8'}
    dev: true

  /which-typed-array@1.1.9:
    resolution: {integrity: sha512-w9c4xkx6mPidwp7180ckYWfMmvxpjlZuIudNtDf4N/tTAUB8VJbX25qZoAsrtGuYNnGw3pa0AXgbGKRB8/EceA==}
    engines: {node: '>= 0.4'}
    dependencies:
      available-typed-arrays: 1.0.5
      call-bind: 1.0.2
      for-each: 0.3.3
      gopd: 1.0.1
      has-tostringtag: 1.0.0
      is-typed-array: 1.1.10
    dev: true
